
Microsoft Visual Studio Solution File, Format Version 12.00
# Visual Studio Version 17
VisualStudioVersion = 17.0.31903.59
MinimumVisualStudioVersion = 10.0.40219.1
Project("{FAE04EC0-301F-11D3-BF4B-00C04F79EFBC}") = "Problem-1740A", "Problem-1740A\Problem-1740A.csproj", "{DF1AE23B-520C-4174-B6D0-7996EA6370BC}"
EndProject
Project("{FAE04EC0-301F-11D3-BF4B-00C04F79EFBC}") = "Problem-1742A", "Problem-1742A\Problem-1742A.csproj", "{33755623-FF6B-4155-AC93-EEDCF73F6C65}"
EndProject
Project("{FAE04EC0-301F-11D3-BF4B-00C04F79EFBC}") = "Problem-1734A", "Problem-1734A\Problem-1734A.csproj", "{931BB29C-7D61-4B16-A1CD-795B777A31C4}"
EndProject
Project("{FAE04EC0-301F-11D3-BF4B-00C04F79EFBC}") = "Problem-1754A", "Problem-1754A\Problem-1754A.csproj", "{0E86FAE9-E3F1-446F-B3AF-BE0B310CD47C}"
EndProject
Project("{FAE04EC0-301F-11D3-BF4B-00C04F79EFBC}") = "Problem-1754B", "Problem-1754B\Problem-1754B.csproj", "{38FB87C6-624C-4E05-AB93-16699FD343C7}"
EndProject
Project("{FAE04EC0-301F-11D3-BF4B-00C04F79EFBC}") = "Problem-1747A", "Problem-1747A\Problem-1747A.csproj", "{FF82E1B5-A579-4F26-A3CE-02B10C3CA1AC}"
EndProject
Project("{FAE04EC0-301F-11D3-BF4B-00C04F79EFBC}") = "Problem-1747B", "Problem-1747B\Problem-1747B.csproj", "{3BDBBD81-7B3F-475B-AEE9-AB611A2C0476}"
EndProject
Project("{FAE04EC0-301F-11D3-BF4B-00C04F79EFBC}") = "Problem-4A", "Problem-4A\Problem-4A.csproj", "{6D9DD233-84D1-4848-A07E-6E44F32F74F6}"
EndProject
Project("{FAE04EC0-301F-11D3-BF4B-00C04F79EFBC}") = "Problem-71A", "Problem-71A\Problem-71A.csproj", "{FB37A474-5E8E-4F20-B21D-4D1BAD38077D}"
EndProject
Project("{FAE04EC0-301F-11D3-BF4B-00C04F79EFBC}") = "Problem-231A", "Problem-231A\Problem-231A.csproj", "{06EEB04A-7A79-4E24-BF99-B75AA8236FF0}"
EndProject
Project("{FAE04EC0-301F-11D3-BF4B-00C04F79EFBC}") = "Problem-158A", "Problem-158A\Problem-158A.csproj", "{7C4E232F-8520-4E55-B921-2C683628F042}"
EndProject
Project("{FAE04EC0-301F-11D3-BF4B-00C04F79EFBC}") = "Problem-50A", "Problem-50A\Problem-50A.csproj", "{2D9904F4-A0AC-4C9E-9DB5-1D041C8FD25D}"
EndProject
Project("{FAE04EC0-301F-11D3-BF4B-00C04F79EFBC}") = "Problem-282A", "Problem-282A\Problem-282A.csproj", "{7FE8745D-D19B-4090-8488-9222C2515F72}"
EndProject
Project("{FAE04EC0-301F-11D3-BF4B-00C04F79EFBC}") = "Problem-112A", "Problem-112A\Problem-112A.csproj", "{26C97764-A386-40BD-A0B1-BA08C363614E}"
EndProject
Global
	GlobalSection(SolutionConfigurationPlatforms) = preSolution
		Debug|Any CPU = Debug|Any CPU
		Release|Any CPU = Release|Any CPU
	EndGlobalSection
	GlobalSection(SolutionProperties) = preSolution
		HideSolutionNode = FALSE
	EndGlobalSection
	GlobalSection(ProjectConfigurationPlatforms) = postSolution
		{DF1AE23B-520C-4174-B6D0-7996EA6370BC}.Debug|Any CPU.ActiveCfg = Debug|Any CPU
		{DF1AE23B-520C-4174-B6D0-7996EA6370BC}.Debug|Any CPU.Build.0 = Debug|Any CPU
		{DF1AE23B-520C-4174-B6D0-7996EA6370BC}.Release|Any CPU.ActiveCfg = Release|Any CPU
		{DF1AE23B-520C-4174-B6D0-7996EA6370BC}.Release|Any CPU.Build.0 = Release|Any CPU
		{33755623-FF6B-4155-AC93-EEDCF73F6C65}.Debug|Any CPU.ActiveCfg = Debug|Any CPU
		{33755623-FF6B-4155-AC93-EEDCF73F6C65}.Debug|Any CPU.Build.0 = Debug|Any CPU
		{33755623-FF6B-4155-AC93-EEDCF73F6C65}.Release|Any CPU.ActiveCfg = Release|Any CPU
		{33755623-FF6B-4155-AC93-EEDCF73F6C65}.Release|Any CPU.Build.0 = Release|Any CPU
		{931BB29C-7D61-4B16-A1CD-795B777A31C4}.Debug|Any CPU.ActiveCfg = Debug|Any CPU
		{931BB29C-7D61-4B16-A1CD-795B777A31C4}.Debug|Any CPU.Build.0 = Debug|Any CPU
		{931BB29C-7D61-4B16-A1CD-795B777A31C4}.Release|Any CPU.ActiveCfg = Release|Any CPU
		{931BB29C-7D61-4B16-A1CD-795B777A31C4}.Release|Any CPU.Build.0 = Release|Any CPU
		{0E86FAE9-E3F1-446F-B3AF-BE0B310CD47C}.Debug|Any CPU.ActiveCfg = Debug|Any CPU
		{0E86FAE9-E3F1-446F-B3AF-BE0B310CD47C}.Debug|Any CPU.Build.0 = Debug|Any CPU
		{0E86FAE9-E3F1-446F-B3AF-BE0B310CD47C}.Release|Any CPU.ActiveCfg = Release|Any CPU
		{0E86FAE9-E3F1-446F-B3AF-BE0B310CD47C}.Release|Any CPU.Build.0 = Release|Any CPU
		{38FB87C6-624C-4E05-AB93-16699FD343C7}.Debug|Any CPU.ActiveCfg = Debug|Any CPU
		{38FB87C6-624C-4E05-AB93-16699FD343C7}.Debug|Any CPU.Build.0 = Debug|Any CPU
		{38FB87C6-624C-4E05-AB93-16699FD343C7}.Release|Any CPU.ActiveCfg = Release|Any CPU
		{38FB87C6-624C-4E05-AB93-16699FD343C7}.Release|Any CPU.Build.0 = Release|Any CPU
		{FF82E1B5-A579-4F26-A3CE-02B10C3CA1AC}.Debug|Any CPU.ActiveCfg = Debug|Any CPU
		{FF82E1B5-A579-4F26-A3CE-02B10C3CA1AC}.Debug|Any CPU.Build.0 = Debug|Any CPU
		{FF82E1B5-A579-4F26-A3CE-02B10C3CA1AC}.Release|Any CPU.ActiveCfg = Release|Any CPU
		{FF82E1B5-A579-4F26-A3CE-02B10C3CA1AC}.Release|Any CPU.Build.0 = Release|Any CPU
		{3BDBBD81-7B3F-475B-AEE9-AB611A2C0476}.Debug|Any CPU.ActiveCfg = Debug|Any CPU
		{3BDBBD81-7B3F-475B-AEE9-AB611A2C0476}.Debug|Any CPU.Build.0 = Debug|Any CPU
		{3BDBBD81-7B3F-475B-AEE9-AB611A2C0476}.Release|Any CPU.ActiveCfg = Release|Any CPU
		{3BDBBD81-7B3F-475B-AEE9-AB611A2C0476}.Release|Any CPU.Build.0 = Release|Any CPU
		{6D9DD233-84D1-4848-A07E-6E44F32F74F6}.Debug|Any CPU.ActiveCfg = Debug|Any CPU
		{6D9DD233-84D1-4848-A07E-6E44F32F74F6}.Debug|Any CPU.Build.0 = Debug|Any CPU
		{6D9DD233-84D1-4848-A07E-6E44F32F74F6}.Release|Any CPU.ActiveCfg = Release|Any CPU
		{6D9DD233-84D1-4848-A07E-6E44F32F74F6}.Release|Any CPU.Build.0 = Release|Any CPU
		{FB37A474-5E8E-4F20-B21D-4D1BAD38077D}.Debug|Any CPU.ActiveCfg = Debug|Any CPU
		{FB37A474-5E8E-4F20-B21D-4D1BAD38077D}.Debug|Any CPU.Build.0 = Debug|Any CPU
		{FB37A474-5E8E-4F20-B21D-4D1BAD38077D}.Release|Any CPU.ActiveCfg = Release|Any CPU
		{FB37A474-5E8E-4F20-B21D-4D1BAD38077D}.Release|Any CPU.Build.0 = Release|Any CPU
		{06EEB04A-7A79-4E24-BF99-B75AA8236FF0}.Debug|Any CPU.ActiveCfg = Debug|Any CPU
		{06EEB04A-7A79-4E24-BF99-B75AA8236FF0}.Debug|Any CPU.Build.0 = Debug|Any CPU
		{06EEB04A-7A79-4E24-BF99-B75AA8236FF0}.Release|Any CPU.ActiveCfg = Release|Any CPU
		{06EEB04A-7A79-4E24-BF99-B75AA8236FF0}.Release|Any CPU.Build.0 = Release|Any CPU
		{7C4E232F-8520-4E55-B921-2C683628F042}.Debug|Any CPU.ActiveCfg = Debug|Any CPU
		{7C4E232F-8520-4E55-B921-2C683628F042}.Debug|Any CPU.Build.0 = Debug|Any CPU
		{7C4E232F-8520-4E55-B921-2C683628F042}.Release|Any CPU.ActiveCfg = Release|Any CPU
		{7C4E232F-8520-4E55-B921-2C683628F042}.Release|Any CPU.Build.0 = Release|Any CPU
		{2D9904F4-A0AC-4C9E-9DB5-1D041C8FD25D}.Debug|Any CPU.ActiveCfg = Debug|Any CPU
		{2D9904F4-A0AC-4C9E-9DB5-1D041C8FD25D}.Debug|Any CPU.Build.0 = Debug|Any CPU
		{2D9904F4-A0AC-4C9E-9DB5-1D041C8FD25D}.Release|Any CPU.ActiveCfg = Release|Any CPU
		{2D9904F4-A0AC-4C9E-9DB5-1D041C8FD25D}.Release|Any CPU.Build.0 = Release|Any CPU
		{7FE8745D-D19B-4090-8488-9222C2515F72}.Debug|Any CPU.ActiveCfg = Debug|Any CPU
		{7FE8745D-D19B-4090-8488-9222C2515F72}.Debug|Any CPU.Build.0 = Debug|Any CPU
		{7FE8745D-D19B-4090-8488-9222C2515F72}.Release|Any CPU.ActiveCfg = Release|Any CPU
		{7FE8745D-D19B-4090-8488-9222C2515F72}.Release|Any CPU.Build.0 = Release|Any CPU
		{26C97764-A386-40BD-A0B1-BA08C363614E}.Debug|Any CPU.ActiveCfg = Debug|Any CPU
		{26C97764-A386-40BD-A0B1-BA08C363614E}.Debug|Any CPU.Build.0 = Debug|Any CPU
		{26C97764-A386-40BD-A0B1-BA08C363614E}.Release|Any CPU.ActiveCfg = Release|Any CPU
		{26C97764-A386-40BD-A0B1-BA08C363614E}.Release|Any CPU.Build.0 = Release|Any CPU
	EndGlobalSection
EndGlobal
