
Microsoft Visual Studio Solution File, Format Version 12.00
# Visual Studio Version 17
VisualStudioVersion = 17.0.31903.59
MinimumVisualStudioVersion = 10.0.40219.1
Project("{FAE04EC0-301F-11D3-BF4B-00C04F79EFBC}") = "Problem-1740A", "Problem-1740A\Problem-1740A.csproj", "{DF1AE23B-520C-4174-B6D0-7996EA6370BC}"
EndProject
Project("{FAE04EC0-301F-11D3-BF4B-00C04F79EFBC}") = "Problem-1742A", "Problem-1742A\Problem-1742A.csproj", "{33755623-FF6B-4155-AC93-EEDCF73F6C65}"
EndProject
Project("{FAE04EC0-301F-11D3-BF4B-00C04F79EFBC}") = "Problem-1734A", "Problem-1734A\Problem-1734A.csproj", "{931BB29C-7D61-4B16-A1CD-795B777A31C4}"
EndProject
Project("{FAE04EC0-301F-11D3-BF4B-00C04F79EFBC}") = "Problem-1736A", "Problem-1736A\Problem-1736A.csproj", "{B03B0D07-D2FF-492A-A527-BB6DC3A0469B}"
EndProject
Project("{FAE04EC0-301F-11D3-BF4B-00C04F79EFBC}") = "Problem-1754A", "Problem-1754A\Problem-1754A.csproj", "{0E86FAE9-E3F1-446F-B3AF-BE0B310CD47C}"
EndProject
Global
	GlobalSection(SolutionConfigurationPlatforms) = preSolution
		Debug|Any CPU = Debug|Any CPU
		Release|Any CPU = Release|Any CPU
	EndGlobalSection
	GlobalSection(SolutionProperties) = preSolution
		HideSolutionNode = FALSE
	EndGlobalSection
	GlobalSection(ProjectConfigurationPlatforms) = postSolution
		{DF1AE23B-520C-4174-B6D0-7996EA6370BC}.Debug|Any CPU.ActiveCfg = Debug|Any CPU
		{DF1AE23B-520C-4174-B6D0-7996EA6370BC}.Debug|Any CPU.Build.0 = Debug|Any CPU
		{DF1AE23B-520C-4174-B6D0-7996EA6370BC}.Release|Any CPU.ActiveCfg = Release|Any CPU
		{DF1AE23B-520C-4174-B6D0-7996EA6370BC}.Release|Any CPU.Build.0 = Release|Any CPU
		{33755623-FF6B-4155-AC93-EEDCF73F6C65}.Debug|Any CPU.ActiveCfg = Debug|Any CPU
		{33755623-FF6B-4155-AC93-EEDCF73F6C65}.Debug|Any CPU.Build.0 = Debug|Any CPU
		{33755623-FF6B-4155-AC93-EEDCF73F6C65}.Release|Any CPU.ActiveCfg = Release|Any CPU
		{33755623-FF6B-4155-AC93-EEDCF73F6C65}.Release|Any CPU.Build.0 = Release|Any CPU
		{931BB29C-7D61-4B16-A1CD-795B777A31C4}.Debug|Any CPU.ActiveCfg = Debug|Any CPU
		{931BB29C-7D61-4B16-A1CD-795B777A31C4}.Debug|Any CPU.Build.0 = Debug|Any CPU
		{931BB29C-7D61-4B16-A1CD-795B777A31C4}.Release|Any CPU.ActiveCfg = Release|Any CPU
		{931BB29C-7D61-4B16-A1CD-795B777A31C4}.Release|Any CPU.Build.0 = Release|Any CPU
		{B03B0D07-D2FF-492A-A527-BB6DC3A0469B}.Debug|Any CPU.ActiveCfg = Debug|Any CPU
		{B03B0D07-D2FF-492A-A527-BB6DC3A0469B}.Debug|Any CPU.Build.0 = Debug|Any CPU
		{B03B0D07-D2FF-492A-A527-BB6DC3A0469B}.Release|Any CPU.ActiveCfg = Release|Any CPU
		{B03B0D07-D2FF-492A-A527-BB6DC3A0469B}.Release|Any CPU.Build.0 = Release|Any CPU
		{0E86FAE9-E3F1-446F-B3AF-BE0B310CD47C}.Debug|Any CPU.ActiveCfg = Debug|Any CPU
		{0E86FAE9-E3F1-446F-B3AF-BE0B310CD47C}.Debug|Any CPU.Build.0 = Debug|Any CPU
		{0E86FAE9-E3F1-446F-B3AF-BE0B310CD47C}.Release|Any CPU.ActiveCfg = Release|Any CPU
		{0E86FAE9-E3F1-446F-B3AF-BE0B310CD47C}.Release|Any CPU.Build.0 = Release|Any CPU
	EndGlobalSection
EndGlobal
