
Microsoft Visual Studio Solution File, Format Version 12.00
# Visual Studio Version 17
VisualStudioVersion = 17.0.31903.59
MinimumVisualStudioVersion = 10.0.40219.1
Project("{FAE04EC0-301F-11D3-BF4B-00C04F79EFBC}") = "Problem-1740A", "Problem-1740A\Problem-1740A.csproj", "{DF1AE23B-520C-4174-B6D0-7996EA6370BC}"
EndProject
Project("{FAE04EC0-301F-11D3-BF4B-00C04F79EFBC}") = "Problem-1742A", "Problem-1742A\Problem-1742A.csproj", "{33755623-FF6B-4155-AC93-EEDCF73F6C65}"
EndProject
Project("{FAE04EC0-301F-11D3-BF4B-00C04F79EFBC}") = "Problem-1734A", "Problem-1734A\Problem-1734A.csproj", "{931BB29C-7D61-4B16-A1CD-795B777A31C4}"
EndProject
Project("{FAE04EC0-301F-11D3-BF4B-00C04F79EFBC}") = "Problem-1754A", "Problem-1754A\Problem-1754A.csproj", "{0E86FAE9-E3F1-446F-B3AF-BE0B310CD47C}"
EndProject
Project("{FAE04EC0-301F-11D3-BF4B-00C04F79EFBC}") = "Problem-1754B", "Problem-1754B\Problem-1754B.csproj", "{38FB87C6-624C-4E05-AB93-16699FD343C7}"
EndProject
Project("{FAE04EC0-301F-11D3-BF4B-00C04F79EFBC}") = "Problem-1747A", "Problem-1747A\Problem-1747A.csproj", "{FF82E1B5-A579-4F26-A3CE-02B10C3CA1AC}"
EndProject
Project("{FAE04EC0-301F-11D3-BF4B-00C04F79EFBC}") = "Problem-1747B", "Problem-1747B\Problem-1747B.csproj", "{3BDBBD81-7B3F-475B-AEE9-AB611A2C0476}"
EndProject
Project("{FAE04EC0-301F-11D3-BF4B-00C04F79EFBC}") = "Problem-4A", "Problem-4A\Problem-4A.csproj", "{6D9DD233-84D1-4848-A07E-6E44F32F74F6}"
EndProject
Project("{FAE04EC0-301F-11D3-BF4B-00C04F79EFBC}") = "Problem-71A", "Problem-71A\Problem-71A.csproj", "{FB37A474-5E8E-4F20-B21D-4D1BAD38077D}"
EndProject
Project("{FAE04EC0-301F-11D3-BF4B-00C04F79EFBC}") = "Problem-231A", "Problem-231A\Problem-231A.csproj", "{06EEB04A-7A79-4E24-BF99-B75AA8236FF0}"
EndProject
Project("{FAE04EC0-301F-11D3-BF4B-00C04F79EFBC}") = "Problem-158A", "Problem-158A\Problem-158A.csproj", "{7C4E232F-8520-4E55-B921-2C683628F042}"
EndProject
Project("{FAE04EC0-301F-11D3-BF4B-00C04F79EFBC}") = "Problem-50A", "Problem-50A\Problem-50A.csproj", "{2D9904F4-A0AC-4C9E-9DB5-1D041C8FD25D}"
EndProject
Project("{FAE04EC0-301F-11D3-BF4B-00C04F79EFBC}") = "Problem-282A", "Problem-282A\Problem-282A.csproj", "{7FE8745D-D19B-4090-8488-9222C2515F72}"
EndProject
Project("{FAE04EC0-301F-11D3-BF4B-00C04F79EFBC}") = "Problem-112A", "Problem-112A\Problem-112A.csproj", "{26C97764-A386-40BD-A0B1-BA08C363614E}"
EndProject
Project("{FAE04EC0-301F-11D3-BF4B-00C04F79EFBC}") = "Problem-263A", "Problem-263A\Problem-263A.csproj", "{89199372-BA2A-4A2C-8641-F676BAB443B2}"
EndProject
Project("{FAE04EC0-301F-11D3-BF4B-00C04F79EFBC}") = "Problem-339A", "Problem-339A\Problem-339A.csproj", "{484EDC26-E987-489A-ADE2-F2FC7FFE578F}"
EndProject
Project("{FAE04EC0-301F-11D3-BF4B-00C04F79EFBC}") = "Problem-281A", "Problem-281A\Problem-281A.csproj", "{4E53D282-C78D-4401-AB3F-6B168F045828}"
EndProject
Project("{FAE04EC0-301F-11D3-BF4B-00C04F79EFBC}") = "Problem-236A", "Problem-236A\Problem-236A.csproj", "{DD2D82FD-7120-4143-938C-4DB1EE09FE04}"
EndProject
Project("{FAE04EC0-301F-11D3-BF4B-00C04F79EFBC}") = "Problem-266A", "Problem-266A\Problem-266A.csproj", "{A3868F22-2F7E-4FED-BF6F-EE14E2778C98}"
EndProject
Project("{FAE04EC0-301F-11D3-BF4B-00C04F79EFBC}") = "Problem-791A", "Problem-791A\Problem-791A.csproj", "{DEC5B67F-8CB4-4C42-9F92-0088D133369C}"
EndProject
Project("{FAE04EC0-301F-11D3-BF4B-00C04F79EFBC}") = "Problem-546A", "Problem-546A\Problem-546A.csproj", "{C096350C-ECA2-4085-BF3D-539E2BC95625}"
EndProject
Project("{FAE04EC0-301F-11D3-BF4B-00C04F79EFBC}") = "Problem-617A", "Problem-617A\Problem-617A.csproj", "{C6BC5C6E-CCBE-45ED-985D-49588F5DD6AB}"
EndProject
Project("{FAE04EC0-301F-11D3-BF4B-00C04F79EFBC}") = "Problem-59A", "Problem-59A\Problem-59A.csproj", "{D4607F35-4578-4B5D-983D-F4D6C4032BD9}"
EndProject
Project("{FAE04EC0-301F-11D3-BF4B-00C04F79EFBC}") = "Problem-977A", "Problem-977A\Problem-977A.csproj", "{0A07D791-67F0-49FF-94EE-9F2003DDD25C}"
EndProject
Project("{FAE04EC0-301F-11D3-BF4B-00C04F79EFBC}") = "Problem-110A", "Problem-110A\Problem-110A.csproj", "{448F69EA-E140-40FC-8ADC-1821F676F8FC}"
EndProject
Project("{FAE04EC0-301F-11D3-BF4B-00C04F79EFBC}") = "Problem-116A", "Problem-116A\Problem-116A.csproj", "{EB039EFB-0FBC-4513-A62B-D9BE28645C17}"
EndProject
Project("{FAE04EC0-301F-11D3-BF4B-00C04F79EFBC}") = "Problem-734A", "Problem-734A\Problem-734A.csproj", "{D19FF08D-9CFE-4529-8E5F-A26381598210}"
EndProject
Project("{FAE04EC0-301F-11D3-BF4B-00C04F79EFBC}") = "Problem-266B", "Problem-266B\Problem-266B.csproj", "{6A8232E6-0A50-4C6F-B171-74218A7C2677}"
EndProject
Project("{FAE04EC0-301F-11D3-BF4B-00C04F79EFBC}") = "Problem-41A", "Problem-41A\Problem-41A.csproj", "{EF62B551-C6E1-40B8-8194-0EC63BC24222}"
EndProject
Project("{FAE04EC0-301F-11D3-BF4B-00C04F79EFBC}") = "Problem-1759B", "Problem-1759B\Problem-1759B.csproj", "{4796260F-2084-4190-8261-4CCA42B26AA1}"
EndProject
Project("{FAE04EC0-301F-11D3-BF4B-00C04F79EFBC}") = "Problem-271A", "Problem-271A\Problem-271A.csproj", "{A5D9FA3E-825D-49BF-B372-1FF3ED366B74}"
EndProject
Project("{FAE04EC0-301F-11D3-BF4B-00C04F79EFBC}") = "Problem-677A", "Problem-677A\Problem-677A.csproj", "{394A62FB-1166-46FA-A4BA-3F3BAC4AD984}"
EndProject
Project("{FAE04EC0-301F-11D3-BF4B-00C04F79EFBC}") = "Problem-1030A", "Problem-1030A\Problem-1030A.csproj", "{073A5F4F-3ACD-44D8-B9F7-CAE5227C7087}"
EndProject
Project("{FAE04EC0-301F-11D3-BF4B-00C04F79EFBC}") = "Problem-467A", "Problem-467A\Problem-467A.csproj", "{6FED7F95-D8F6-4710-9529-C4AD8ED83644}"
EndProject
Project("{FAE04EC0-301F-11D3-BF4B-00C04F79EFBC}") = "Problem-1760A", "Problem-1760A\Problem-1760A.csproj", "{42C578EF-A980-49F6-9912-C6545C4D0501}"
EndProject
Project("{FAE04EC0-301F-11D3-BF4B-00C04F79EFBC}") = "Problem-1760B", "Problem-1760B\Problem-1760B.csproj", "{BE04D9A2-28D7-4445-8926-7B163F3300B4}"
EndProject
Project("{FAE04EC0-301F-11D3-BF4B-00C04F79EFBC}") = "Problem-1760C", "Problem-1760C\Problem-1760C.csproj", "{B3ED6DC4-7FBD-4860-B0C6-B0B9DD35821E}"
EndProject
Project("{FAE04EC0-301F-11D3-BF4B-00C04F79EFBC}") = "Problem-136A", "Problem-136A\Problem-136A.csproj", "{218EECB4-D34F-4777-BE20-AE2F5F0ED4B4}"
EndProject
Project("{FAE04EC0-301F-11D3-BF4B-00C04F79EFBC}") = "Problem-344A", "Problem-344A\Problem-344A.csproj", "{D658D427-4AD3-438E-B085-4CA02614A8B1}"
EndProject
Project("{FAE04EC0-301F-11D3-BF4B-00C04F79EFBC}") = "Problem-486A", "Problem-486A\Problem-486A.csproj", "{ACCB09FF-3445-4982-A009-C713D1C76372}"
EndProject
Project("{FAE04EC0-301F-11D3-BF4B-00C04F79EFBC}") = "Problem-200B", "Problem-200B\Problem-200B.csproj", "{48ECB217-AE5D-42E9-AB05-EB924B151710}"
EndProject
Project("{FAE04EC0-301F-11D3-BF4B-00C04F79EFBC}") = "Problem-61A", "Problem-61A\Problem-61A.csproj", "{36302435-7D1B-490B-9C47-D07D74AFA00F}"
EndProject
Project("{FAE04EC0-301F-11D3-BF4B-00C04F79EFBC}") = "Problem-1758A", "Problem-1758A\Problem-1758A.csproj", "{439DC22D-2B0C-4152-8CBF-3A50CAFD6E09}"
EndProject
Project("{FAE04EC0-301F-11D3-BF4B-00C04F79EFBC}") = "Problem-1758B", "Problem-1758B\Problem-1758B.csproj", "{3AFE67D0-023C-4CE8-806F-94893D746684}"
EndProject
Project("{FAE04EC0-301F-11D3-BF4B-00C04F79EFBC}") = "Problem-1764A", "Problem-1764A\Problem-1764A.csproj", "{53D8FE5F-D9F5-4A91-9564-818306202BC9}"
EndProject
Project("{FAE04EC0-301F-11D3-BF4B-00C04F79EFBC}") = "Problem-1764B", "Problem-1764B\Problem-1764B.csproj", "{3992FE31-07BE-4E5C-A673-BBF40B8C9456}"
EndProject
Project("{FAE04EC0-301F-11D3-BF4B-00C04F79EFBC}") = "Problem-705A", "Problem-705A\Problem-705A.csproj", "{9C9FB2D9-3301-48D3-9FF7-1040874D9F1B}"
EndProject
Project("{FAE04EC0-301F-11D3-BF4B-00C04F79EFBC}") = "Problem-228A", "Problem-228A\Problem-228A.csproj", "{0A21BE24-7AFE-4A41-9A93-3B7F5D18DB1A}"
EndProject
Project("{FAE04EC0-301F-11D3-BF4B-00C04F79EFBC}") = "Problem-469A", "Problem-469A\Problem-469A.csproj", "{6667F1B9-C729-4D15-9EFB-67C0679BCAC6}"
EndProject
Project("{FAE04EC0-301F-11D3-BF4B-00C04F79EFBC}") = "Problem-144A", "Problem-144A\Problem-144A.csproj", "{051F2814-3EC4-4F2C-A1C3-3321D0523B2C}"
EndProject
Project("{FAE04EC0-301F-11D3-BF4B-00C04F79EFBC}") = "Problem-148A", "Problem-148A\Problem-148A.csproj", "{B9CBF01E-A89C-4CB1-AA16-0915BB79D90D}"
EndProject
Project("{FAE04EC0-301F-11D3-BF4B-00C04F79EFBC}") = "Problem-1328A", "Problem-1328A\Problem-1328A.csproj", "{26006FEB-E761-4F4A-96C3-DC6050E12DF5}"
EndProject
Project("{FAE04EC0-301F-11D3-BF4B-00C04F79EFBC}") = "Problem-520A", "Problem-520A\Problem-520A.csproj", "{B4F11285-4794-4EAD-B4CD-B40B59AB1EF7}"
EndProject
Project("{FAE04EC0-301F-11D3-BF4B-00C04F79EFBC}") = "Problem-443A", "Problem-443A\Problem-443A.csproj", "{D19C102B-177D-4A5F-B324-B5B7319EE776}"
EndProject
Project("{FAE04EC0-301F-11D3-BF4B-00C04F79EFBC}") = "Problem-268A", "Problem-268A\Problem-268A.csproj", "{B3D2A753-065C-4335-9134-DCE4DF3CA68A}"
EndProject
Project("{FAE04EC0-301F-11D3-BF4B-00C04F79EFBC}") = "Problem-996A", "Problem-996A\Problem-996A.csproj", "{160A55DE-1D91-4524-8CD2-4F32CC513AA7}"
EndProject
Project("{FAE04EC0-301F-11D3-BF4B-00C04F79EFBC}") = "Problem-785A", "Problem-785A\Problem-785A.csproj", "{FB256BE0-9CA5-47BF-89AF-758CA84A8210}"
EndProject
Project("{FAE04EC0-301F-11D3-BF4B-00C04F79EFBC}") = "Problem-141A", "Problem-141A\Problem-141A.csproj", "{C5A1F464-48AF-4A9C-90A6-F795974C1202}"
EndProject
Project("{FAE04EC0-301F-11D3-BF4B-00C04F79EFBC}") = "Problem-1335A", "Problem-1335A\Problem-1335A.csproj", "{A536EFFA-FB3F-43C6-9E3A-AD2038356E74}"
EndProject
Project("{FAE04EC0-301F-11D3-BF4B-00C04F79EFBC}") = "Problem-510A", "Problem-510A\Problem-510A.csproj", "{35BC2D61-0D93-4B05-B5D7-E51C0417FC0A}"
EndProject
Project("{FAE04EC0-301F-11D3-BF4B-00C04F79EFBC}") = "Problem-155A", "Problem-155A\Problem-155A.csproj", "{8669D23C-0168-4688-9996-ECC0A4846464}"
EndProject
Project("{FAE04EC0-301F-11D3-BF4B-00C04F79EFBC}") = "Problem-427A", "Problem-427A\Problem-427A.csproj", "{813F1551-8E87-4CF1-B5B4-F69D763AAF5C}"
EndProject
Project("{FAE04EC0-301F-11D3-BF4B-00C04F79EFBC}") = "Problem-750A", "Problem-750A\Problem-750A.csproj", "{79477AB8-F86C-41CE-B2B5-F93FF8222B49}"
EndProject
Project("{FAE04EC0-301F-11D3-BF4B-00C04F79EFBC}") = "Problem-581A", "Problem-581A\Problem-581A.csproj", "{72082E2D-BB07-4540-8F96-9E2D48B9278A}"
EndProject
Project("{FAE04EC0-301F-11D3-BF4B-00C04F79EFBC}") = "Problem-1352A", "Problem-1352A\Problem-1352A.csproj", "{A96554D1-3C2C-4BDB-A746-D1CE1E26B3C1}"
EndProject
Project("{FAE04EC0-301F-11D3-BF4B-00C04F79EFBC}") = "Problem-732A", "Problem-732A\Problem-732A.csproj", "{9E6247E8-70E8-432B-B0C0-EE70AB73C620}"
EndProject
Project("{FAE04EC0-301F-11D3-BF4B-00C04F79EFBC}") = "Problem-723A", "Problem-723A\Problem-723A.csproj", "{3F9EC9DF-3463-4B75-BE1F-5619BF1DF6BC}"
EndProject
Project("{FAE04EC0-301F-11D3-BF4B-00C04F79EFBC}") = "Problem-1154A", "Problem-1154A\Problem-1154A.csproj", "{D744B8F5-9E75-4447-9BA2-D05D3C7AF62A}"
EndProject
Project("{FAE04EC0-301F-11D3-BF4B-00C04F79EFBC}") = "Problem-1409A", "Problem-1409A\Problem-1409A.csproj", "{09B9E8E8-C3D3-44AF-B41E-A237F7E06761}"
EndProject
Project("{FAE04EC0-301F-11D3-BF4B-00C04F79EFBC}") = "Problem-1399A", "Problem-1399A\Problem-1399A.csproj", "{54B14BF5-CA46-444C-B21B-41EDFBC8068F}"
EndProject
Project("{FAE04EC0-301F-11D3-BF4B-00C04F79EFBC}") = "Problem-472A", "Problem-472A\Problem-472A.csproj", "{A0E13127-A827-4637-99EA-6981878DE1C9}"
EndProject
Project("{FAE04EC0-301F-11D3-BF4B-00C04F79EFBC}") = "Problem-432A", "Problem-432A\Problem-432A.csproj", "{522C1B2B-5D63-4D1B-A282-B0C39E7DB02B}"
EndProject
Project("{FAE04EC0-301F-11D3-BF4B-00C04F79EFBC}") = "Problem-1367A", "Problem-1367A\Problem-1367A.csproj", "{28FF18D6-F955-41EA-A34F-A0AE27811FB0}"
EndProject
Project("{FAE04EC0-301F-11D3-BF4B-00C04F79EFBC}") = "Problem-1343B", "Problem-1343B\Problem-1343B.csproj", "{E53FFB6D-0A37-400F-9206-938301EDE92C}"
EndProject
Project("{FAE04EC0-301F-11D3-BF4B-00C04F79EFBC}") = "Problem-758A", "Problem-758A\Problem-758A.csproj", "{623AA4B4-7238-45EF-9A62-BBA4E4037F16}"
EndProject
Project("{FAE04EC0-301F-11D3-BF4B-00C04F79EFBC}") = "Problem-490A", "Problem-490A\Problem-490A.csproj", "{6CC8BB1C-7A89-4235-83DF-90F97C88DBC0}"
EndProject
Project("{FAE04EC0-301F-11D3-BF4B-00C04F79EFBC}") = "Problem-1512A", "Problem-1512A\Problem-1512A.csproj", "{84EFB390-8076-46C4-A26B-0228FC1723FF}"
EndProject
Project("{FAE04EC0-301F-11D3-BF4B-00C04F79EFBC}") = "Problem-381A", "Problem-381A\Problem-381A.csproj", "{281DB5AA-4FA1-41EE-AADC-7A17456A0328}"
EndProject
Project("{FAE04EC0-301F-11D3-BF4B-00C04F79EFBC}") = "Problem-1560A", "Problem-1560A\Problem-1560A.csproj", "{51675C77-D439-428A-A25F-BA09E9AFEF2B}"
EndProject
Project("{FAE04EC0-301F-11D3-BF4B-00C04F79EFBC}") = "Problem-703A", "Problem-703A\Problem-703A.csproj", "{E2D01783-CFC1-4BCE-A35A-2FADD2E2F516}"
EndProject
Project("{FAE04EC0-301F-11D3-BF4B-00C04F79EFBC}") = "Problem-32B", "Problem-32B\Problem-32B.csproj", "{DCDFBB01-F46B-4E15-B82B-A6DAF471063C}"
EndProject
Project("{FAE04EC0-301F-11D3-BF4B-00C04F79EFBC}") = "Problem-1367B", "Problem-1367B\Problem-1367B.csproj", "{739F37B2-433A-4398-8D15-DA59B0F83F50}"
EndProject
Project("{FAE04EC0-301F-11D3-BF4B-00C04F79EFBC}") = "Problem-1520A", "Problem-1520A\Problem-1520A.csproj", "{3DFE9BF7-A136-4D4C-B5F1-06F8ACFCB90B}"
EndProject
Project("{FAE04EC0-301F-11D3-BF4B-00C04F79EFBC}") = "Problem-630A", "Problem-630A\Problem-630A.csproj", "{473E5B94-4F8C-474B-9521-22B4DFA6858D}"
EndProject
Project("{FAE04EC0-301F-11D3-BF4B-00C04F79EFBC}") = "Problem-1353B", "Problem-1353B\Problem-1353B.csproj", "{2DE6D0AD-968C-4E08-A098-91B7A2CD36EA}"
EndProject
Project("{FAE04EC0-301F-11D3-BF4B-00C04F79EFBC}") = "Problem-1624A", "Problem-1624A\Problem-1624A.csproj", "{9D96178D-CCE5-47B2-9C32-07DEEF00A7F3}"
EndProject
Project("{FAE04EC0-301F-11D3-BF4B-00C04F79EFBC}") = "Problem-1771A", "Problem-1771A\Problem-1771A.csproj", "{B681393D-1BDC-455B-A8C1-610EA27C2C95}"
EndProject
Project("{FAE04EC0-301F-11D3-BF4B-00C04F79EFBC}") = "Problem-1433A", "Problem-1433A\Problem-1433A.csproj", "{699225EA-5276-4CFE-9E6F-12448C29D2A5}"
EndProject
Project("{FAE04EC0-301F-11D3-BF4B-00C04F79EFBC}") = "Problem-431A", "Problem-431A\Problem-431A.csproj", "{4641AF02-30AA-4C22-93F6-E349A75AD6ED}"
EndProject
Project("{FAE04EC0-301F-11D3-BF4B-00C04F79EFBC}") = "Problem-1370A", "Problem-1370A\Problem-1370A.csproj", "{391B4CB3-38FD-4600-84AA-267A32D12F8A}"
EndProject
Project("{FAE04EC0-301F-11D3-BF4B-00C04F79EFBC}") = "Problem-1360B", "Problem-1360B\Problem-1360B.csproj", "{9CA27065-92AE-431C-9EDB-B0C058048A13}"
EndProject
Project("{FAE04EC0-301F-11D3-BF4B-00C04F79EFBC}") = "Problem-1692A", "Problem-1692A\Problem-1692A.csproj", "{AF2315A5-4084-43C9-B2A1-ED6379BDA97A}"
EndProject
Project("{FAE04EC0-301F-11D3-BF4B-00C04F79EFBC}") = "Problem-1472B", "Problem-1472B\Problem-1472B.csproj", "{06F68AF8-0FEF-4A07-9D10-606A8CA059E4}"
EndProject
Project("{FAE04EC0-301F-11D3-BF4B-00C04F79EFBC}") = "Problem-1766A", "Problem-1766A\Problem-1766A.csproj", "{A18629BB-3552-4B6C-90D5-EA9CAF42E992}"
EndProject
Project("{FAE04EC0-301F-11D3-BF4B-00C04F79EFBC}") = "Problem-1766B", "Problem-1766B\Problem-1766B.csproj", "{4F2B7F2D-4464-41E2-AC5F-D6214078972D}"
EndProject
Project("{FAE04EC0-301F-11D3-BF4B-00C04F79EFBC}") = "Problem-1095B", "Problem-1095B\Problem-1095B.csproj", "{F739B96E-DD41-4405-9F92-2C718C1D7172}"
EndProject
Project("{FAE04EC0-301F-11D3-BF4B-00C04F79EFBC}") = "Problem-1762A", "Problem-1762A\Problem-1762A.csproj", "{E62BA67B-2CA0-41C0-AE61-88531956FEA9}"
EndProject
Project("{FAE04EC0-301F-11D3-BF4B-00C04F79EFBC}") = "Problem-1703A", "Problem-1703A\Problem-1703A.csproj", "{08EA7622-DEFB-4E2F-89F6-B952B8E4ED2B}"
EndProject
Project("{FAE04EC0-301F-11D3-BF4B-00C04F79EFBC}") = "Problem-1551A", "Problem-1551A\Problem-1551A.csproj", "{51C992DF-402B-454B-8B13-014040A6F1AA}"
EndProject
Project("{FAE04EC0-301F-11D3-BF4B-00C04F79EFBC}") = "Problem-749A", "Problem-749A\Problem-749A.csproj", "{7EA95393-2A32-43B5-AEC8-E30D7EBE76CC}"
EndProject
Project("{FAE04EC0-301F-11D3-BF4B-00C04F79EFBC}") = "Problem-1399B", "Problem-1399B\Problem-1399B.csproj", "{C48B8EC8-A443-4712-BCB3-C50A65A31FEE}"
EndProject
Project("{FAE04EC0-301F-11D3-BF4B-00C04F79EFBC}") = "Problem-1676A", "Problem-1676A\Problem-1676A.csproj", "{A3AAF2D8-D951-44D2-884D-BEF89CC7D2F4}"
EndProject
Project("{FAE04EC0-301F-11D3-BF4B-00C04F79EFBC}") = "Problem-1669A", "Problem-1669A\Problem-1669A.csproj", "{E9B85A23-C13D-4343-8F04-B2E23AD0FF91}"
EndProject
Project("{FAE04EC0-301F-11D3-BF4B-00C04F79EFBC}") = "Problem-1371A", "Problem-1371A\Problem-1371A.csproj", "{EAF247AE-65BC-466F-8956-A97AA37C1F87}"
EndProject
Project("{FAE04EC0-301F-11D3-BF4B-00C04F79EFBC}") = "Problem-707A", "Problem-707A\Problem-707A.csproj", "{74CA1F36-A674-4F38-9D2F-099CF4A82D32}"
EndProject
Project("{FAE04EC0-301F-11D3-BF4B-00C04F79EFBC}") = "Problem-492A", "Problem-492A\Problem-492A.csproj", "{6F924F02-C25F-43BA-90AD-34A21AAF69D2}"
EndProject
Project("{FAE04EC0-301F-11D3-BF4B-00C04F79EFBC}") = "Problem-1535A", "Problem-1535A\Problem-1535A.csproj", "{7466837C-B9E5-498D-B4EA-BC56B09D7252}"
EndProject
Project("{FAE04EC0-301F-11D3-BF4B-00C04F79EFBC}") = "Problem-1619A", "Problem-1619A\Problem-1619A.csproj", "{F19B7535-98EE-43CA-A1FF-16A29BA04E0B}"
EndProject
Project("{FAE04EC0-301F-11D3-BF4B-00C04F79EFBC}") = "Problem-1283A", "Problem-1283A\Problem-1283A.csproj", "{F11C1B43-A6FD-440C-8050-34F54F8D93BA}"
EndProject
Project("{FAE04EC0-301F-11D3-BF4B-00C04F79EFBC}") = "Problem-1426A", "Problem-1426A\Problem-1426A.csproj", "{60B265A3-65F8-4D29-9C2A-0A86F497FDCD}"
EndProject
Project("{FAE04EC0-301F-11D3-BF4B-00C04F79EFBC}") = "Problem-80A", "Problem-80A\Problem-80A.csproj", "{7CC1B07D-0778-4E3B-B134-1013BA341613}"
EndProject
Project("{FAE04EC0-301F-11D3-BF4B-00C04F79EFBC}") = "Problem-1294A", "Problem-1294A\Problem-1294A.csproj", "{9FCF9E43-8177-47A5-A98E-25B6D39D68BF}"
EndProject
Project("{FAE04EC0-301F-11D3-BF4B-00C04F79EFBC}") = "Problem-1520B", "Problem-1520B\Problem-1520B.csproj", "{05DF8801-1E83-4F9C-9D1F-DA038C86E84A}"
EndProject
Project("{FAE04EC0-301F-11D3-BF4B-00C04F79EFBC}") = "Problem-1220A", "Problem-1220A\Problem-1220A.csproj", "{EE58FBA1-3478-4DAF-B2F0-E0C159406F5A}"
EndProject
Project("{FAE04EC0-301F-11D3-BF4B-00C04F79EFBC}") = "Problem-1234A", "Problem-1234A\Problem-1234A.csproj", "{1AF4C26C-9642-4C8B-A4F8-3E944F683905}"
EndProject
Project("{FAE04EC0-301F-11D3-BF4B-00C04F79EFBC}") = "Problem-935A", "Problem-935A\Problem-935A.csproj", "{D984ED1D-4695-4628-9DCE-BA92825AEAAB}"
EndProject
Project("{FAE04EC0-301F-11D3-BF4B-00C04F79EFBC}") = "Problem-1348A", "Problem-1348A\Problem-1348A.csproj", "{8E37B240-40D2-4A89-BB98-4172D2274ED1}"
EndProject
Project("{FAE04EC0-301F-11D3-BF4B-00C04F79EFBC}") = "Problem-959A", "Problem-959A\Problem-959A.csproj", "{F1971F84-04C7-4489-94B5-9F6F3D5D47BB}"
EndProject
Project("{FAE04EC0-301F-11D3-BF4B-00C04F79EFBC}") = "Problem-1722A", "Problem-1722A\Problem-1722A.csproj", "{E58C560D-0267-4673-AF48-12E49608B13B}"
EndProject
Project("{FAE04EC0-301F-11D3-BF4B-00C04F79EFBC}") = "Problem-1462A", "Problem-1462A\Problem-1462A.csproj", "{C6537CA5-2A6A-4335-AFE8-F5E6BB086854}"
EndProject
Project("{FAE04EC0-301F-11D3-BF4B-00C04F79EFBC}") = "Problem-1542A", "Problem-1542A\Problem-1542A.csproj", "{57929D6A-ADD7-42F5-94C7-9C9083F296AF}"
EndProject
Project("{FAE04EC0-301F-11D3-BF4B-00C04F79EFBC}") = "Problem-1311A", "Problem-1311A\Problem-1311A.csproj", "{34E02902-63B1-48C1-AE08-68B089C5EF2B}"
EndProject
Project("{FAE04EC0-301F-11D3-BF4B-00C04F79EFBC}") = "Problem-1358A", "Problem-1358A\Problem-1358A.csproj", "{DA5F17F7-C93A-4AAC-85C2-1F4CB78620F6}"
EndProject
Project("{FAE04EC0-301F-11D3-BF4B-00C04F79EFBC}") = "Problem-1676B", "Problem-1676B\Problem-1676B.csproj", "{8A2C385D-C8F5-41FE-ADDA-F6768514721B}"
EndProject
Global
	GlobalSection(SolutionConfigurationPlatforms) = preSolution
		Debug|Any CPU = Debug|Any CPU
		Release|Any CPU = Release|Any CPU
	EndGlobalSection
	GlobalSection(SolutionProperties) = preSolution
		HideSolutionNode = FALSE
	EndGlobalSection
	GlobalSection(ProjectConfigurationPlatforms) = postSolution
		{DF1AE23B-520C-4174-B6D0-7996EA6370BC}.Debug|Any CPU.ActiveCfg = Debug|Any CPU
		{DF1AE23B-520C-4174-B6D0-7996EA6370BC}.Debug|Any CPU.Build.0 = Debug|Any CPU
		{DF1AE23B-520C-4174-B6D0-7996EA6370BC}.Release|Any CPU.ActiveCfg = Release|Any CPU
		{DF1AE23B-520C-4174-B6D0-7996EA6370BC}.Release|Any CPU.Build.0 = Release|Any CPU
		{33755623-FF6B-4155-AC93-EEDCF73F6C65}.Debug|Any CPU.ActiveCfg = Debug|Any CPU
		{33755623-FF6B-4155-AC93-EEDCF73F6C65}.Debug|Any CPU.Build.0 = Debug|Any CPU
		{33755623-FF6B-4155-AC93-EEDCF73F6C65}.Release|Any CPU.ActiveCfg = Release|Any CPU
		{33755623-FF6B-4155-AC93-EEDCF73F6C65}.Release|Any CPU.Build.0 = Release|Any CPU
		{931BB29C-7D61-4B16-A1CD-795B777A31C4}.Debug|Any CPU.ActiveCfg = Debug|Any CPU
		{931BB29C-7D61-4B16-A1CD-795B777A31C4}.Debug|Any CPU.Build.0 = Debug|Any CPU
		{931BB29C-7D61-4B16-A1CD-795B777A31C4}.Release|Any CPU.ActiveCfg = Release|Any CPU
		{931BB29C-7D61-4B16-A1CD-795B777A31C4}.Release|Any CPU.Build.0 = Release|Any CPU
		{0E86FAE9-E3F1-446F-B3AF-BE0B310CD47C}.Debug|Any CPU.ActiveCfg = Debug|Any CPU
		{0E86FAE9-E3F1-446F-B3AF-BE0B310CD47C}.Debug|Any CPU.Build.0 = Debug|Any CPU
		{0E86FAE9-E3F1-446F-B3AF-BE0B310CD47C}.Release|Any CPU.ActiveCfg = Release|Any CPU
		{0E86FAE9-E3F1-446F-B3AF-BE0B310CD47C}.Release|Any CPU.Build.0 = Release|Any CPU
		{38FB87C6-624C-4E05-AB93-16699FD343C7}.Debug|Any CPU.ActiveCfg = Debug|Any CPU
		{38FB87C6-624C-4E05-AB93-16699FD343C7}.Debug|Any CPU.Build.0 = Debug|Any CPU
		{38FB87C6-624C-4E05-AB93-16699FD343C7}.Release|Any CPU.ActiveCfg = Release|Any CPU
		{38FB87C6-624C-4E05-AB93-16699FD343C7}.Release|Any CPU.Build.0 = Release|Any CPU
		{FF82E1B5-A579-4F26-A3CE-02B10C3CA1AC}.Debug|Any CPU.ActiveCfg = Debug|Any CPU
		{FF82E1B5-A579-4F26-A3CE-02B10C3CA1AC}.Debug|Any CPU.Build.0 = Debug|Any CPU
		{FF82E1B5-A579-4F26-A3CE-02B10C3CA1AC}.Release|Any CPU.ActiveCfg = Release|Any CPU
		{FF82E1B5-A579-4F26-A3CE-02B10C3CA1AC}.Release|Any CPU.Build.0 = Release|Any CPU
		{3BDBBD81-7B3F-475B-AEE9-AB611A2C0476}.Debug|Any CPU.ActiveCfg = Debug|Any CPU
		{3BDBBD81-7B3F-475B-AEE9-AB611A2C0476}.Debug|Any CPU.Build.0 = Debug|Any CPU
		{3BDBBD81-7B3F-475B-AEE9-AB611A2C0476}.Release|Any CPU.ActiveCfg = Release|Any CPU
		{3BDBBD81-7B3F-475B-AEE9-AB611A2C0476}.Release|Any CPU.Build.0 = Release|Any CPU
		{6D9DD233-84D1-4848-A07E-6E44F32F74F6}.Debug|Any CPU.ActiveCfg = Debug|Any CPU
		{6D9DD233-84D1-4848-A07E-6E44F32F74F6}.Debug|Any CPU.Build.0 = Debug|Any CPU
		{6D9DD233-84D1-4848-A07E-6E44F32F74F6}.Release|Any CPU.ActiveCfg = Release|Any CPU
		{6D9DD233-84D1-4848-A07E-6E44F32F74F6}.Release|Any CPU.Build.0 = Release|Any CPU
		{FB37A474-5E8E-4F20-B21D-4D1BAD38077D}.Debug|Any CPU.ActiveCfg = Debug|Any CPU
		{FB37A474-5E8E-4F20-B21D-4D1BAD38077D}.Debug|Any CPU.Build.0 = Debug|Any CPU
		{FB37A474-5E8E-4F20-B21D-4D1BAD38077D}.Release|Any CPU.ActiveCfg = Release|Any CPU
		{FB37A474-5E8E-4F20-B21D-4D1BAD38077D}.Release|Any CPU.Build.0 = Release|Any CPU
		{06EEB04A-7A79-4E24-BF99-B75AA8236FF0}.Debug|Any CPU.ActiveCfg = Debug|Any CPU
		{06EEB04A-7A79-4E24-BF99-B75AA8236FF0}.Debug|Any CPU.Build.0 = Debug|Any CPU
		{06EEB04A-7A79-4E24-BF99-B75AA8236FF0}.Release|Any CPU.ActiveCfg = Release|Any CPU
		{06EEB04A-7A79-4E24-BF99-B75AA8236FF0}.Release|Any CPU.Build.0 = Release|Any CPU
		{7C4E232F-8520-4E55-B921-2C683628F042}.Debug|Any CPU.ActiveCfg = Debug|Any CPU
		{7C4E232F-8520-4E55-B921-2C683628F042}.Debug|Any CPU.Build.0 = Debug|Any CPU
		{7C4E232F-8520-4E55-B921-2C683628F042}.Release|Any CPU.ActiveCfg = Release|Any CPU
		{7C4E232F-8520-4E55-B921-2C683628F042}.Release|Any CPU.Build.0 = Release|Any CPU
		{2D9904F4-A0AC-4C9E-9DB5-1D041C8FD25D}.Debug|Any CPU.ActiveCfg = Debug|Any CPU
		{2D9904F4-A0AC-4C9E-9DB5-1D041C8FD25D}.Debug|Any CPU.Build.0 = Debug|Any CPU
		{2D9904F4-A0AC-4C9E-9DB5-1D041C8FD25D}.Release|Any CPU.ActiveCfg = Release|Any CPU
		{2D9904F4-A0AC-4C9E-9DB5-1D041C8FD25D}.Release|Any CPU.Build.0 = Release|Any CPU
		{7FE8745D-D19B-4090-8488-9222C2515F72}.Debug|Any CPU.ActiveCfg = Debug|Any CPU
		{7FE8745D-D19B-4090-8488-9222C2515F72}.Debug|Any CPU.Build.0 = Debug|Any CPU
		{7FE8745D-D19B-4090-8488-9222C2515F72}.Release|Any CPU.ActiveCfg = Release|Any CPU
		{7FE8745D-D19B-4090-8488-9222C2515F72}.Release|Any CPU.Build.0 = Release|Any CPU
		{26C97764-A386-40BD-A0B1-BA08C363614E}.Debug|Any CPU.ActiveCfg = Debug|Any CPU
		{26C97764-A386-40BD-A0B1-BA08C363614E}.Debug|Any CPU.Build.0 = Debug|Any CPU
		{26C97764-A386-40BD-A0B1-BA08C363614E}.Release|Any CPU.ActiveCfg = Release|Any CPU
		{26C97764-A386-40BD-A0B1-BA08C363614E}.Release|Any CPU.Build.0 = Release|Any CPU
		{89199372-BA2A-4A2C-8641-F676BAB443B2}.Debug|Any CPU.ActiveCfg = Debug|Any CPU
		{89199372-BA2A-4A2C-8641-F676BAB443B2}.Debug|Any CPU.Build.0 = Debug|Any CPU
		{89199372-BA2A-4A2C-8641-F676BAB443B2}.Release|Any CPU.ActiveCfg = Release|Any CPU
		{89199372-BA2A-4A2C-8641-F676BAB443B2}.Release|Any CPU.Build.0 = Release|Any CPU
		{484EDC26-E987-489A-ADE2-F2FC7FFE578F}.Debug|Any CPU.ActiveCfg = Debug|Any CPU
		{484EDC26-E987-489A-ADE2-F2FC7FFE578F}.Debug|Any CPU.Build.0 = Debug|Any CPU
		{484EDC26-E987-489A-ADE2-F2FC7FFE578F}.Release|Any CPU.ActiveCfg = Release|Any CPU
		{484EDC26-E987-489A-ADE2-F2FC7FFE578F}.Release|Any CPU.Build.0 = Release|Any CPU
		{4E53D282-C78D-4401-AB3F-6B168F045828}.Debug|Any CPU.ActiveCfg = Debug|Any CPU
		{4E53D282-C78D-4401-AB3F-6B168F045828}.Debug|Any CPU.Build.0 = Debug|Any CPU
		{4E53D282-C78D-4401-AB3F-6B168F045828}.Release|Any CPU.ActiveCfg = Release|Any CPU
		{4E53D282-C78D-4401-AB3F-6B168F045828}.Release|Any CPU.Build.0 = Release|Any CPU
		{DD2D82FD-7120-4143-938C-4DB1EE09FE04}.Debug|Any CPU.ActiveCfg = Debug|Any CPU
		{DD2D82FD-7120-4143-938C-4DB1EE09FE04}.Debug|Any CPU.Build.0 = Debug|Any CPU
		{DD2D82FD-7120-4143-938C-4DB1EE09FE04}.Release|Any CPU.ActiveCfg = Release|Any CPU
		{DD2D82FD-7120-4143-938C-4DB1EE09FE04}.Release|Any CPU.Build.0 = Release|Any CPU
		{A3868F22-2F7E-4FED-BF6F-EE14E2778C98}.Debug|Any CPU.ActiveCfg = Debug|Any CPU
		{A3868F22-2F7E-4FED-BF6F-EE14E2778C98}.Debug|Any CPU.Build.0 = Debug|Any CPU
		{A3868F22-2F7E-4FED-BF6F-EE14E2778C98}.Release|Any CPU.ActiveCfg = Release|Any CPU
		{A3868F22-2F7E-4FED-BF6F-EE14E2778C98}.Release|Any CPU.Build.0 = Release|Any CPU
		{DEC5B67F-8CB4-4C42-9F92-0088D133369C}.Debug|Any CPU.ActiveCfg = Debug|Any CPU
		{DEC5B67F-8CB4-4C42-9F92-0088D133369C}.Debug|Any CPU.Build.0 = Debug|Any CPU
		{DEC5B67F-8CB4-4C42-9F92-0088D133369C}.Release|Any CPU.ActiveCfg = Release|Any CPU
		{DEC5B67F-8CB4-4C42-9F92-0088D133369C}.Release|Any CPU.Build.0 = Release|Any CPU
		{C096350C-ECA2-4085-BF3D-539E2BC95625}.Debug|Any CPU.ActiveCfg = Debug|Any CPU
		{C096350C-ECA2-4085-BF3D-539E2BC95625}.Debug|Any CPU.Build.0 = Debug|Any CPU
		{C096350C-ECA2-4085-BF3D-539E2BC95625}.Release|Any CPU.ActiveCfg = Release|Any CPU
		{C096350C-ECA2-4085-BF3D-539E2BC95625}.Release|Any CPU.Build.0 = Release|Any CPU
		{C6BC5C6E-CCBE-45ED-985D-49588F5DD6AB}.Debug|Any CPU.ActiveCfg = Debug|Any CPU
		{C6BC5C6E-CCBE-45ED-985D-49588F5DD6AB}.Debug|Any CPU.Build.0 = Debug|Any CPU
		{C6BC5C6E-CCBE-45ED-985D-49588F5DD6AB}.Release|Any CPU.ActiveCfg = Release|Any CPU
		{C6BC5C6E-CCBE-45ED-985D-49588F5DD6AB}.Release|Any CPU.Build.0 = Release|Any CPU
		{D4607F35-4578-4B5D-983D-F4D6C4032BD9}.Debug|Any CPU.ActiveCfg = Debug|Any CPU
		{D4607F35-4578-4B5D-983D-F4D6C4032BD9}.Debug|Any CPU.Build.0 = Debug|Any CPU
		{D4607F35-4578-4B5D-983D-F4D6C4032BD9}.Release|Any CPU.ActiveCfg = Release|Any CPU
		{D4607F35-4578-4B5D-983D-F4D6C4032BD9}.Release|Any CPU.Build.0 = Release|Any CPU
		{0A07D791-67F0-49FF-94EE-9F2003DDD25C}.Debug|Any CPU.ActiveCfg = Debug|Any CPU
		{0A07D791-67F0-49FF-94EE-9F2003DDD25C}.Debug|Any CPU.Build.0 = Debug|Any CPU
		{0A07D791-67F0-49FF-94EE-9F2003DDD25C}.Release|Any CPU.ActiveCfg = Release|Any CPU
		{0A07D791-67F0-49FF-94EE-9F2003DDD25C}.Release|Any CPU.Build.0 = Release|Any CPU
		{448F69EA-E140-40FC-8ADC-1821F676F8FC}.Debug|Any CPU.ActiveCfg = Debug|Any CPU
		{448F69EA-E140-40FC-8ADC-1821F676F8FC}.Debug|Any CPU.Build.0 = Debug|Any CPU
		{448F69EA-E140-40FC-8ADC-1821F676F8FC}.Release|Any CPU.ActiveCfg = Release|Any CPU
		{448F69EA-E140-40FC-8ADC-1821F676F8FC}.Release|Any CPU.Build.0 = Release|Any CPU
		{EB039EFB-0FBC-4513-A62B-D9BE28645C17}.Debug|Any CPU.ActiveCfg = Debug|Any CPU
		{EB039EFB-0FBC-4513-A62B-D9BE28645C17}.Debug|Any CPU.Build.0 = Debug|Any CPU
		{EB039EFB-0FBC-4513-A62B-D9BE28645C17}.Release|Any CPU.ActiveCfg = Release|Any CPU
		{EB039EFB-0FBC-4513-A62B-D9BE28645C17}.Release|Any CPU.Build.0 = Release|Any CPU
		{D19FF08D-9CFE-4529-8E5F-A26381598210}.Debug|Any CPU.ActiveCfg = Debug|Any CPU
		{D19FF08D-9CFE-4529-8E5F-A26381598210}.Debug|Any CPU.Build.0 = Debug|Any CPU
		{D19FF08D-9CFE-4529-8E5F-A26381598210}.Release|Any CPU.ActiveCfg = Release|Any CPU
		{D19FF08D-9CFE-4529-8E5F-A26381598210}.Release|Any CPU.Build.0 = Release|Any CPU
		{6A8232E6-0A50-4C6F-B171-74218A7C2677}.Debug|Any CPU.ActiveCfg = Debug|Any CPU
		{6A8232E6-0A50-4C6F-B171-74218A7C2677}.Debug|Any CPU.Build.0 = Debug|Any CPU
		{6A8232E6-0A50-4C6F-B171-74218A7C2677}.Release|Any CPU.ActiveCfg = Release|Any CPU
		{6A8232E6-0A50-4C6F-B171-74218A7C2677}.Release|Any CPU.Build.0 = Release|Any CPU
		{EF62B551-C6E1-40B8-8194-0EC63BC24222}.Debug|Any CPU.ActiveCfg = Debug|Any CPU
		{EF62B551-C6E1-40B8-8194-0EC63BC24222}.Debug|Any CPU.Build.0 = Debug|Any CPU
		{EF62B551-C6E1-40B8-8194-0EC63BC24222}.Release|Any CPU.ActiveCfg = Release|Any CPU
		{EF62B551-C6E1-40B8-8194-0EC63BC24222}.Release|Any CPU.Build.0 = Release|Any CPU
		{4796260F-2084-4190-8261-4CCA42B26AA1}.Debug|Any CPU.ActiveCfg = Debug|Any CPU
		{4796260F-2084-4190-8261-4CCA42B26AA1}.Debug|Any CPU.Build.0 = Debug|Any CPU
		{4796260F-2084-4190-8261-4CCA42B26AA1}.Release|Any CPU.ActiveCfg = Release|Any CPU
		{4796260F-2084-4190-8261-4CCA42B26AA1}.Release|Any CPU.Build.0 = Release|Any CPU
		{A5D9FA3E-825D-49BF-B372-1FF3ED366B74}.Debug|Any CPU.ActiveCfg = Debug|Any CPU
		{A5D9FA3E-825D-49BF-B372-1FF3ED366B74}.Debug|Any CPU.Build.0 = Debug|Any CPU
		{A5D9FA3E-825D-49BF-B372-1FF3ED366B74}.Release|Any CPU.ActiveCfg = Release|Any CPU
		{A5D9FA3E-825D-49BF-B372-1FF3ED366B74}.Release|Any CPU.Build.0 = Release|Any CPU
		{394A62FB-1166-46FA-A4BA-3F3BAC4AD984}.Debug|Any CPU.ActiveCfg = Debug|Any CPU
		{394A62FB-1166-46FA-A4BA-3F3BAC4AD984}.Debug|Any CPU.Build.0 = Debug|Any CPU
		{394A62FB-1166-46FA-A4BA-3F3BAC4AD984}.Release|Any CPU.ActiveCfg = Release|Any CPU
		{394A62FB-1166-46FA-A4BA-3F3BAC4AD984}.Release|Any CPU.Build.0 = Release|Any CPU
		{073A5F4F-3ACD-44D8-B9F7-CAE5227C7087}.Debug|Any CPU.ActiveCfg = Debug|Any CPU
		{073A5F4F-3ACD-44D8-B9F7-CAE5227C7087}.Debug|Any CPU.Build.0 = Debug|Any CPU
		{073A5F4F-3ACD-44D8-B9F7-CAE5227C7087}.Release|Any CPU.ActiveCfg = Release|Any CPU
		{073A5F4F-3ACD-44D8-B9F7-CAE5227C7087}.Release|Any CPU.Build.0 = Release|Any CPU
		{6FED7F95-D8F6-4710-9529-C4AD8ED83644}.Debug|Any CPU.ActiveCfg = Debug|Any CPU
		{6FED7F95-D8F6-4710-9529-C4AD8ED83644}.Debug|Any CPU.Build.0 = Debug|Any CPU
		{6FED7F95-D8F6-4710-9529-C4AD8ED83644}.Release|Any CPU.ActiveCfg = Release|Any CPU
		{6FED7F95-D8F6-4710-9529-C4AD8ED83644}.Release|Any CPU.Build.0 = Release|Any CPU
		{42C578EF-A980-49F6-9912-C6545C4D0501}.Debug|Any CPU.ActiveCfg = Debug|Any CPU
		{42C578EF-A980-49F6-9912-C6545C4D0501}.Debug|Any CPU.Build.0 = Debug|Any CPU
		{42C578EF-A980-49F6-9912-C6545C4D0501}.Release|Any CPU.ActiveCfg = Release|Any CPU
		{42C578EF-A980-49F6-9912-C6545C4D0501}.Release|Any CPU.Build.0 = Release|Any CPU
		{BE04D9A2-28D7-4445-8926-7B163F3300B4}.Debug|Any CPU.ActiveCfg = Debug|Any CPU
		{BE04D9A2-28D7-4445-8926-7B163F3300B4}.Debug|Any CPU.Build.0 = Debug|Any CPU
		{BE04D9A2-28D7-4445-8926-7B163F3300B4}.Release|Any CPU.ActiveCfg = Release|Any CPU
		{BE04D9A2-28D7-4445-8926-7B163F3300B4}.Release|Any CPU.Build.0 = Release|Any CPU
		{B3ED6DC4-7FBD-4860-B0C6-B0B9DD35821E}.Debug|Any CPU.ActiveCfg = Debug|Any CPU
		{B3ED6DC4-7FBD-4860-B0C6-B0B9DD35821E}.Debug|Any CPU.Build.0 = Debug|Any CPU
		{B3ED6DC4-7FBD-4860-B0C6-B0B9DD35821E}.Release|Any CPU.ActiveCfg = Release|Any CPU
		{B3ED6DC4-7FBD-4860-B0C6-B0B9DD35821E}.Release|Any CPU.Build.0 = Release|Any CPU
		{218EECB4-D34F-4777-BE20-AE2F5F0ED4B4}.Debug|Any CPU.ActiveCfg = Debug|Any CPU
		{218EECB4-D34F-4777-BE20-AE2F5F0ED4B4}.Debug|Any CPU.Build.0 = Debug|Any CPU
		{218EECB4-D34F-4777-BE20-AE2F5F0ED4B4}.Release|Any CPU.ActiveCfg = Release|Any CPU
		{218EECB4-D34F-4777-BE20-AE2F5F0ED4B4}.Release|Any CPU.Build.0 = Release|Any CPU
		{D658D427-4AD3-438E-B085-4CA02614A8B1}.Debug|Any CPU.ActiveCfg = Debug|Any CPU
		{D658D427-4AD3-438E-B085-4CA02614A8B1}.Debug|Any CPU.Build.0 = Debug|Any CPU
		{D658D427-4AD3-438E-B085-4CA02614A8B1}.Release|Any CPU.ActiveCfg = Release|Any CPU
		{D658D427-4AD3-438E-B085-4CA02614A8B1}.Release|Any CPU.Build.0 = Release|Any CPU
		{ACCB09FF-3445-4982-A009-C713D1C76372}.Debug|Any CPU.ActiveCfg = Debug|Any CPU
		{ACCB09FF-3445-4982-A009-C713D1C76372}.Debug|Any CPU.Build.0 = Debug|Any CPU
		{ACCB09FF-3445-4982-A009-C713D1C76372}.Release|Any CPU.ActiveCfg = Release|Any CPU
		{ACCB09FF-3445-4982-A009-C713D1C76372}.Release|Any CPU.Build.0 = Release|Any CPU
		{48ECB217-AE5D-42E9-AB05-EB924B151710}.Debug|Any CPU.ActiveCfg = Debug|Any CPU
		{48ECB217-AE5D-42E9-AB05-EB924B151710}.Debug|Any CPU.Build.0 = Debug|Any CPU
		{48ECB217-AE5D-42E9-AB05-EB924B151710}.Release|Any CPU.ActiveCfg = Release|Any CPU
		{48ECB217-AE5D-42E9-AB05-EB924B151710}.Release|Any CPU.Build.0 = Release|Any CPU
		{36302435-7D1B-490B-9C47-D07D74AFA00F}.Debug|Any CPU.ActiveCfg = Debug|Any CPU
		{36302435-7D1B-490B-9C47-D07D74AFA00F}.Debug|Any CPU.Build.0 = Debug|Any CPU
		{36302435-7D1B-490B-9C47-D07D74AFA00F}.Release|Any CPU.ActiveCfg = Release|Any CPU
		{36302435-7D1B-490B-9C47-D07D74AFA00F}.Release|Any CPU.Build.0 = Release|Any CPU
		{439DC22D-2B0C-4152-8CBF-3A50CAFD6E09}.Debug|Any CPU.ActiveCfg = Debug|Any CPU
		{439DC22D-2B0C-4152-8CBF-3A50CAFD6E09}.Debug|Any CPU.Build.0 = Debug|Any CPU
		{439DC22D-2B0C-4152-8CBF-3A50CAFD6E09}.Release|Any CPU.ActiveCfg = Release|Any CPU
		{439DC22D-2B0C-4152-8CBF-3A50CAFD6E09}.Release|Any CPU.Build.0 = Release|Any CPU
		{3AFE67D0-023C-4CE8-806F-94893D746684}.Debug|Any CPU.ActiveCfg = Debug|Any CPU
		{3AFE67D0-023C-4CE8-806F-94893D746684}.Debug|Any CPU.Build.0 = Debug|Any CPU
		{3AFE67D0-023C-4CE8-806F-94893D746684}.Release|Any CPU.ActiveCfg = Release|Any CPU
		{3AFE67D0-023C-4CE8-806F-94893D746684}.Release|Any CPU.Build.0 = Release|Any CPU
		{53D8FE5F-D9F5-4A91-9564-818306202BC9}.Debug|Any CPU.ActiveCfg = Debug|Any CPU
		{53D8FE5F-D9F5-4A91-9564-818306202BC9}.Debug|Any CPU.Build.0 = Debug|Any CPU
		{53D8FE5F-D9F5-4A91-9564-818306202BC9}.Release|Any CPU.ActiveCfg = Release|Any CPU
		{53D8FE5F-D9F5-4A91-9564-818306202BC9}.Release|Any CPU.Build.0 = Release|Any CPU
		{3992FE31-07BE-4E5C-A673-BBF40B8C9456}.Debug|Any CPU.ActiveCfg = Debug|Any CPU
		{3992FE31-07BE-4E5C-A673-BBF40B8C9456}.Debug|Any CPU.Build.0 = Debug|Any CPU
		{3992FE31-07BE-4E5C-A673-BBF40B8C9456}.Release|Any CPU.ActiveCfg = Release|Any CPU
		{3992FE31-07BE-4E5C-A673-BBF40B8C9456}.Release|Any CPU.Build.0 = Release|Any CPU
		{9C9FB2D9-3301-48D3-9FF7-1040874D9F1B}.Debug|Any CPU.ActiveCfg = Debug|Any CPU
		{9C9FB2D9-3301-48D3-9FF7-1040874D9F1B}.Debug|Any CPU.Build.0 = Debug|Any CPU
		{9C9FB2D9-3301-48D3-9FF7-1040874D9F1B}.Release|Any CPU.ActiveCfg = Release|Any CPU
		{9C9FB2D9-3301-48D3-9FF7-1040874D9F1B}.Release|Any CPU.Build.0 = Release|Any CPU
		{0A21BE24-7AFE-4A41-9A93-3B7F5D18DB1A}.Debug|Any CPU.ActiveCfg = Debug|Any CPU
		{0A21BE24-7AFE-4A41-9A93-3B7F5D18DB1A}.Debug|Any CPU.Build.0 = Debug|Any CPU
		{0A21BE24-7AFE-4A41-9A93-3B7F5D18DB1A}.Release|Any CPU.ActiveCfg = Release|Any CPU
		{0A21BE24-7AFE-4A41-9A93-3B7F5D18DB1A}.Release|Any CPU.Build.0 = Release|Any CPU
		{6667F1B9-C729-4D15-9EFB-67C0679BCAC6}.Debug|Any CPU.ActiveCfg = Debug|Any CPU
		{6667F1B9-C729-4D15-9EFB-67C0679BCAC6}.Debug|Any CPU.Build.0 = Debug|Any CPU
		{6667F1B9-C729-4D15-9EFB-67C0679BCAC6}.Release|Any CPU.ActiveCfg = Release|Any CPU
		{6667F1B9-C729-4D15-9EFB-67C0679BCAC6}.Release|Any CPU.Build.0 = Release|Any CPU
		{051F2814-3EC4-4F2C-A1C3-3321D0523B2C}.Debug|Any CPU.ActiveCfg = Debug|Any CPU
		{051F2814-3EC4-4F2C-A1C3-3321D0523B2C}.Debug|Any CPU.Build.0 = Debug|Any CPU
		{051F2814-3EC4-4F2C-A1C3-3321D0523B2C}.Release|Any CPU.ActiveCfg = Release|Any CPU
		{051F2814-3EC4-4F2C-A1C3-3321D0523B2C}.Release|Any CPU.Build.0 = Release|Any CPU
		{B9CBF01E-A89C-4CB1-AA16-0915BB79D90D}.Debug|Any CPU.ActiveCfg = Debug|Any CPU
		{B9CBF01E-A89C-4CB1-AA16-0915BB79D90D}.Debug|Any CPU.Build.0 = Debug|Any CPU
		{B9CBF01E-A89C-4CB1-AA16-0915BB79D90D}.Release|Any CPU.ActiveCfg = Release|Any CPU
		{B9CBF01E-A89C-4CB1-AA16-0915BB79D90D}.Release|Any CPU.Build.0 = Release|Any CPU
		{26006FEB-E761-4F4A-96C3-DC6050E12DF5}.Debug|Any CPU.ActiveCfg = Debug|Any CPU
		{26006FEB-E761-4F4A-96C3-DC6050E12DF5}.Debug|Any CPU.Build.0 = Debug|Any CPU
		{26006FEB-E761-4F4A-96C3-DC6050E12DF5}.Release|Any CPU.ActiveCfg = Release|Any CPU
		{26006FEB-E761-4F4A-96C3-DC6050E12DF5}.Release|Any CPU.Build.0 = Release|Any CPU
		{B4F11285-4794-4EAD-B4CD-B40B59AB1EF7}.Debug|Any CPU.ActiveCfg = Debug|Any CPU
		{B4F11285-4794-4EAD-B4CD-B40B59AB1EF7}.Debug|Any CPU.Build.0 = Debug|Any CPU
		{B4F11285-4794-4EAD-B4CD-B40B59AB1EF7}.Release|Any CPU.ActiveCfg = Release|Any CPU
		{B4F11285-4794-4EAD-B4CD-B40B59AB1EF7}.Release|Any CPU.Build.0 = Release|Any CPU
		{D19C102B-177D-4A5F-B324-B5B7319EE776}.Debug|Any CPU.ActiveCfg = Debug|Any CPU
		{D19C102B-177D-4A5F-B324-B5B7319EE776}.Debug|Any CPU.Build.0 = Debug|Any CPU
		{D19C102B-177D-4A5F-B324-B5B7319EE776}.Release|Any CPU.ActiveCfg = Release|Any CPU
		{D19C102B-177D-4A5F-B324-B5B7319EE776}.Release|Any CPU.Build.0 = Release|Any CPU
		{B3D2A753-065C-4335-9134-DCE4DF3CA68A}.Debug|Any CPU.ActiveCfg = Debug|Any CPU
		{B3D2A753-065C-4335-9134-DCE4DF3CA68A}.Debug|Any CPU.Build.0 = Debug|Any CPU
		{B3D2A753-065C-4335-9134-DCE4DF3CA68A}.Release|Any CPU.ActiveCfg = Release|Any CPU
		{B3D2A753-065C-4335-9134-DCE4DF3CA68A}.Release|Any CPU.Build.0 = Release|Any CPU
		{160A55DE-1D91-4524-8CD2-4F32CC513AA7}.Debug|Any CPU.ActiveCfg = Debug|Any CPU
		{160A55DE-1D91-4524-8CD2-4F32CC513AA7}.Debug|Any CPU.Build.0 = Debug|Any CPU
		{160A55DE-1D91-4524-8CD2-4F32CC513AA7}.Release|Any CPU.ActiveCfg = Release|Any CPU
		{160A55DE-1D91-4524-8CD2-4F32CC513AA7}.Release|Any CPU.Build.0 = Release|Any CPU
		{FB256BE0-9CA5-47BF-89AF-758CA84A8210}.Debug|Any CPU.ActiveCfg = Debug|Any CPU
		{FB256BE0-9CA5-47BF-89AF-758CA84A8210}.Debug|Any CPU.Build.0 = Debug|Any CPU
		{FB256BE0-9CA5-47BF-89AF-758CA84A8210}.Release|Any CPU.ActiveCfg = Release|Any CPU
		{FB256BE0-9CA5-47BF-89AF-758CA84A8210}.Release|Any CPU.Build.0 = Release|Any CPU
		{C5A1F464-48AF-4A9C-90A6-F795974C1202}.Debug|Any CPU.ActiveCfg = Debug|Any CPU
		{C5A1F464-48AF-4A9C-90A6-F795974C1202}.Debug|Any CPU.Build.0 = Debug|Any CPU
		{C5A1F464-48AF-4A9C-90A6-F795974C1202}.Release|Any CPU.ActiveCfg = Release|Any CPU
		{C5A1F464-48AF-4A9C-90A6-F795974C1202}.Release|Any CPU.Build.0 = Release|Any CPU
		{A536EFFA-FB3F-43C6-9E3A-AD2038356E74}.Debug|Any CPU.ActiveCfg = Debug|Any CPU
		{A536EFFA-FB3F-43C6-9E3A-AD2038356E74}.Debug|Any CPU.Build.0 = Debug|Any CPU
		{A536EFFA-FB3F-43C6-9E3A-AD2038356E74}.Release|Any CPU.ActiveCfg = Release|Any CPU
		{A536EFFA-FB3F-43C6-9E3A-AD2038356E74}.Release|Any CPU.Build.0 = Release|Any CPU
		{35BC2D61-0D93-4B05-B5D7-E51C0417FC0A}.Debug|Any CPU.ActiveCfg = Debug|Any CPU
		{35BC2D61-0D93-4B05-B5D7-E51C0417FC0A}.Debug|Any CPU.Build.0 = Debug|Any CPU
		{35BC2D61-0D93-4B05-B5D7-E51C0417FC0A}.Release|Any CPU.ActiveCfg = Release|Any CPU
		{35BC2D61-0D93-4B05-B5D7-E51C0417FC0A}.Release|Any CPU.Build.0 = Release|Any CPU
		{8669D23C-0168-4688-9996-ECC0A4846464}.Debug|Any CPU.ActiveCfg = Debug|Any CPU
		{8669D23C-0168-4688-9996-ECC0A4846464}.Debug|Any CPU.Build.0 = Debug|Any CPU
		{8669D23C-0168-4688-9996-ECC0A4846464}.Release|Any CPU.ActiveCfg = Release|Any CPU
		{8669D23C-0168-4688-9996-ECC0A4846464}.Release|Any CPU.Build.0 = Release|Any CPU
		{813F1551-8E87-4CF1-B5B4-F69D763AAF5C}.Debug|Any CPU.ActiveCfg = Debug|Any CPU
		{813F1551-8E87-4CF1-B5B4-F69D763AAF5C}.Debug|Any CPU.Build.0 = Debug|Any CPU
		{813F1551-8E87-4CF1-B5B4-F69D763AAF5C}.Release|Any CPU.ActiveCfg = Release|Any CPU
		{813F1551-8E87-4CF1-B5B4-F69D763AAF5C}.Release|Any CPU.Build.0 = Release|Any CPU
		{79477AB8-F86C-41CE-B2B5-F93FF8222B49}.Debug|Any CPU.ActiveCfg = Debug|Any CPU
		{79477AB8-F86C-41CE-B2B5-F93FF8222B49}.Debug|Any CPU.Build.0 = Debug|Any CPU
		{79477AB8-F86C-41CE-B2B5-F93FF8222B49}.Release|Any CPU.ActiveCfg = Release|Any CPU
		{79477AB8-F86C-41CE-B2B5-F93FF8222B49}.Release|Any CPU.Build.0 = Release|Any CPU
		{72082E2D-BB07-4540-8F96-9E2D48B9278A}.Debug|Any CPU.ActiveCfg = Debug|Any CPU
		{72082E2D-BB07-4540-8F96-9E2D48B9278A}.Debug|Any CPU.Build.0 = Debug|Any CPU
		{72082E2D-BB07-4540-8F96-9E2D48B9278A}.Release|Any CPU.ActiveCfg = Release|Any CPU
		{72082E2D-BB07-4540-8F96-9E2D48B9278A}.Release|Any CPU.Build.0 = Release|Any CPU
		{A96554D1-3C2C-4BDB-A746-D1CE1E26B3C1}.Debug|Any CPU.ActiveCfg = Debug|Any CPU
		{A96554D1-3C2C-4BDB-A746-D1CE1E26B3C1}.Debug|Any CPU.Build.0 = Debug|Any CPU
		{A96554D1-3C2C-4BDB-A746-D1CE1E26B3C1}.Release|Any CPU.ActiveCfg = Release|Any CPU
		{A96554D1-3C2C-4BDB-A746-D1CE1E26B3C1}.Release|Any CPU.Build.0 = Release|Any CPU
		{9E6247E8-70E8-432B-B0C0-EE70AB73C620}.Debug|Any CPU.ActiveCfg = Debug|Any CPU
		{9E6247E8-70E8-432B-B0C0-EE70AB73C620}.Debug|Any CPU.Build.0 = Debug|Any CPU
		{9E6247E8-70E8-432B-B0C0-EE70AB73C620}.Release|Any CPU.ActiveCfg = Release|Any CPU
		{9E6247E8-70E8-432B-B0C0-EE70AB73C620}.Release|Any CPU.Build.0 = Release|Any CPU
		{3F9EC9DF-3463-4B75-BE1F-5619BF1DF6BC}.Debug|Any CPU.ActiveCfg = Debug|Any CPU
		{3F9EC9DF-3463-4B75-BE1F-5619BF1DF6BC}.Debug|Any CPU.Build.0 = Debug|Any CPU
		{3F9EC9DF-3463-4B75-BE1F-5619BF1DF6BC}.Release|Any CPU.ActiveCfg = Release|Any CPU
		{3F9EC9DF-3463-4B75-BE1F-5619BF1DF6BC}.Release|Any CPU.Build.0 = Release|Any CPU
		{D744B8F5-9E75-4447-9BA2-D05D3C7AF62A}.Debug|Any CPU.ActiveCfg = Debug|Any CPU
		{D744B8F5-9E75-4447-9BA2-D05D3C7AF62A}.Debug|Any CPU.Build.0 = Debug|Any CPU
		{D744B8F5-9E75-4447-9BA2-D05D3C7AF62A}.Release|Any CPU.ActiveCfg = Release|Any CPU
		{D744B8F5-9E75-4447-9BA2-D05D3C7AF62A}.Release|Any CPU.Build.0 = Release|Any CPU
		{09B9E8E8-C3D3-44AF-B41E-A237F7E06761}.Debug|Any CPU.ActiveCfg = Debug|Any CPU
		{09B9E8E8-C3D3-44AF-B41E-A237F7E06761}.Debug|Any CPU.Build.0 = Debug|Any CPU
		{09B9E8E8-C3D3-44AF-B41E-A237F7E06761}.Release|Any CPU.ActiveCfg = Release|Any CPU
		{09B9E8E8-C3D3-44AF-B41E-A237F7E06761}.Release|Any CPU.Build.0 = Release|Any CPU
		{54B14BF5-CA46-444C-B21B-41EDFBC8068F}.Debug|Any CPU.ActiveCfg = Debug|Any CPU
		{54B14BF5-CA46-444C-B21B-41EDFBC8068F}.Debug|Any CPU.Build.0 = Debug|Any CPU
		{54B14BF5-CA46-444C-B21B-41EDFBC8068F}.Release|Any CPU.ActiveCfg = Release|Any CPU
		{54B14BF5-CA46-444C-B21B-41EDFBC8068F}.Release|Any CPU.Build.0 = Release|Any CPU
		{A0E13127-A827-4637-99EA-6981878DE1C9}.Debug|Any CPU.ActiveCfg = Debug|Any CPU
		{A0E13127-A827-4637-99EA-6981878DE1C9}.Debug|Any CPU.Build.0 = Debug|Any CPU
		{A0E13127-A827-4637-99EA-6981878DE1C9}.Release|Any CPU.ActiveCfg = Release|Any CPU
		{A0E13127-A827-4637-99EA-6981878DE1C9}.Release|Any CPU.Build.0 = Release|Any CPU
		{522C1B2B-5D63-4D1B-A282-B0C39E7DB02B}.Debug|Any CPU.ActiveCfg = Debug|Any CPU
		{522C1B2B-5D63-4D1B-A282-B0C39E7DB02B}.Debug|Any CPU.Build.0 = Debug|Any CPU
		{522C1B2B-5D63-4D1B-A282-B0C39E7DB02B}.Release|Any CPU.ActiveCfg = Release|Any CPU
		{522C1B2B-5D63-4D1B-A282-B0C39E7DB02B}.Release|Any CPU.Build.0 = Release|Any CPU
		{28FF18D6-F955-41EA-A34F-A0AE27811FB0}.Debug|Any CPU.ActiveCfg = Debug|Any CPU
		{28FF18D6-F955-41EA-A34F-A0AE27811FB0}.Debug|Any CPU.Build.0 = Debug|Any CPU
		{28FF18D6-F955-41EA-A34F-A0AE27811FB0}.Release|Any CPU.ActiveCfg = Release|Any CPU
		{28FF18D6-F955-41EA-A34F-A0AE27811FB0}.Release|Any CPU.Build.0 = Release|Any CPU
		{E53FFB6D-0A37-400F-9206-938301EDE92C}.Debug|Any CPU.ActiveCfg = Debug|Any CPU
		{E53FFB6D-0A37-400F-9206-938301EDE92C}.Debug|Any CPU.Build.0 = Debug|Any CPU
		{E53FFB6D-0A37-400F-9206-938301EDE92C}.Release|Any CPU.ActiveCfg = Release|Any CPU
		{E53FFB6D-0A37-400F-9206-938301EDE92C}.Release|Any CPU.Build.0 = Release|Any CPU
		{623AA4B4-7238-45EF-9A62-BBA4E4037F16}.Debug|Any CPU.ActiveCfg = Debug|Any CPU
		{623AA4B4-7238-45EF-9A62-BBA4E4037F16}.Debug|Any CPU.Build.0 = Debug|Any CPU
		{623AA4B4-7238-45EF-9A62-BBA4E4037F16}.Release|Any CPU.ActiveCfg = Release|Any CPU
		{623AA4B4-7238-45EF-9A62-BBA4E4037F16}.Release|Any CPU.Build.0 = Release|Any CPU
		{6CC8BB1C-7A89-4235-83DF-90F97C88DBC0}.Debug|Any CPU.ActiveCfg = Debug|Any CPU
		{6CC8BB1C-7A89-4235-83DF-90F97C88DBC0}.Debug|Any CPU.Build.0 = Debug|Any CPU
		{6CC8BB1C-7A89-4235-83DF-90F97C88DBC0}.Release|Any CPU.ActiveCfg = Release|Any CPU
		{6CC8BB1C-7A89-4235-83DF-90F97C88DBC0}.Release|Any CPU.Build.0 = Release|Any CPU
		{84EFB390-8076-46C4-A26B-0228FC1723FF}.Debug|Any CPU.ActiveCfg = Debug|Any CPU
		{84EFB390-8076-46C4-A26B-0228FC1723FF}.Debug|Any CPU.Build.0 = Debug|Any CPU
		{84EFB390-8076-46C4-A26B-0228FC1723FF}.Release|Any CPU.ActiveCfg = Release|Any CPU
		{84EFB390-8076-46C4-A26B-0228FC1723FF}.Release|Any CPU.Build.0 = Release|Any CPU
		{281DB5AA-4FA1-41EE-AADC-7A17456A0328}.Debug|Any CPU.ActiveCfg = Debug|Any CPU
		{281DB5AA-4FA1-41EE-AADC-7A17456A0328}.Debug|Any CPU.Build.0 = Debug|Any CPU
		{281DB5AA-4FA1-41EE-AADC-7A17456A0328}.Release|Any CPU.ActiveCfg = Release|Any CPU
		{281DB5AA-4FA1-41EE-AADC-7A17456A0328}.Release|Any CPU.Build.0 = Release|Any CPU
		{51675C77-D439-428A-A25F-BA09E9AFEF2B}.Debug|Any CPU.ActiveCfg = Debug|Any CPU
		{51675C77-D439-428A-A25F-BA09E9AFEF2B}.Debug|Any CPU.Build.0 = Debug|Any CPU
		{51675C77-D439-428A-A25F-BA09E9AFEF2B}.Release|Any CPU.ActiveCfg = Release|Any CPU
		{51675C77-D439-428A-A25F-BA09E9AFEF2B}.Release|Any CPU.Build.0 = Release|Any CPU
		{E2D01783-CFC1-4BCE-A35A-2FADD2E2F516}.Debug|Any CPU.ActiveCfg = Debug|Any CPU
		{E2D01783-CFC1-4BCE-A35A-2FADD2E2F516}.Debug|Any CPU.Build.0 = Debug|Any CPU
		{E2D01783-CFC1-4BCE-A35A-2FADD2E2F516}.Release|Any CPU.ActiveCfg = Release|Any CPU
		{E2D01783-CFC1-4BCE-A35A-2FADD2E2F516}.Release|Any CPU.Build.0 = Release|Any CPU
		{DCDFBB01-F46B-4E15-B82B-A6DAF471063C}.Debug|Any CPU.ActiveCfg = Debug|Any CPU
		{DCDFBB01-F46B-4E15-B82B-A6DAF471063C}.Debug|Any CPU.Build.0 = Debug|Any CPU
		{DCDFBB01-F46B-4E15-B82B-A6DAF471063C}.Release|Any CPU.ActiveCfg = Release|Any CPU
		{DCDFBB01-F46B-4E15-B82B-A6DAF471063C}.Release|Any CPU.Build.0 = Release|Any CPU
		{739F37B2-433A-4398-8D15-DA59B0F83F50}.Debug|Any CPU.ActiveCfg = Debug|Any CPU
		{739F37B2-433A-4398-8D15-DA59B0F83F50}.Debug|Any CPU.Build.0 = Debug|Any CPU
		{739F37B2-433A-4398-8D15-DA59B0F83F50}.Release|Any CPU.ActiveCfg = Release|Any CPU
		{739F37B2-433A-4398-8D15-DA59B0F83F50}.Release|Any CPU.Build.0 = Release|Any CPU
		{3DFE9BF7-A136-4D4C-B5F1-06F8ACFCB90B}.Debug|Any CPU.ActiveCfg = Debug|Any CPU
		{3DFE9BF7-A136-4D4C-B5F1-06F8ACFCB90B}.Debug|Any CPU.Build.0 = Debug|Any CPU
		{3DFE9BF7-A136-4D4C-B5F1-06F8ACFCB90B}.Release|Any CPU.ActiveCfg = Release|Any CPU
		{3DFE9BF7-A136-4D4C-B5F1-06F8ACFCB90B}.Release|Any CPU.Build.0 = Release|Any CPU
		{473E5B94-4F8C-474B-9521-22B4DFA6858D}.Debug|Any CPU.ActiveCfg = Debug|Any CPU
		{473E5B94-4F8C-474B-9521-22B4DFA6858D}.Debug|Any CPU.Build.0 = Debug|Any CPU
		{473E5B94-4F8C-474B-9521-22B4DFA6858D}.Release|Any CPU.ActiveCfg = Release|Any CPU
		{473E5B94-4F8C-474B-9521-22B4DFA6858D}.Release|Any CPU.Build.0 = Release|Any CPU
		{2DE6D0AD-968C-4E08-A098-91B7A2CD36EA}.Debug|Any CPU.ActiveCfg = Debug|Any CPU
		{2DE6D0AD-968C-4E08-A098-91B7A2CD36EA}.Debug|Any CPU.Build.0 = Debug|Any CPU
		{2DE6D0AD-968C-4E08-A098-91B7A2CD36EA}.Release|Any CPU.ActiveCfg = Release|Any CPU
		{2DE6D0AD-968C-4E08-A098-91B7A2CD36EA}.Release|Any CPU.Build.0 = Release|Any CPU
		{9D96178D-CCE5-47B2-9C32-07DEEF00A7F3}.Debug|Any CPU.ActiveCfg = Debug|Any CPU
		{9D96178D-CCE5-47B2-9C32-07DEEF00A7F3}.Debug|Any CPU.Build.0 = Debug|Any CPU
		{9D96178D-CCE5-47B2-9C32-07DEEF00A7F3}.Release|Any CPU.ActiveCfg = Release|Any CPU
		{9D96178D-CCE5-47B2-9C32-07DEEF00A7F3}.Release|Any CPU.Build.0 = Release|Any CPU
		{B681393D-1BDC-455B-A8C1-610EA27C2C95}.Debug|Any CPU.ActiveCfg = Debug|Any CPU
		{B681393D-1BDC-455B-A8C1-610EA27C2C95}.Debug|Any CPU.Build.0 = Debug|Any CPU
		{B681393D-1BDC-455B-A8C1-610EA27C2C95}.Release|Any CPU.ActiveCfg = Release|Any CPU
		{B681393D-1BDC-455B-A8C1-610EA27C2C95}.Release|Any CPU.Build.0 = Release|Any CPU
		{699225EA-5276-4CFE-9E6F-12448C29D2A5}.Debug|Any CPU.ActiveCfg = Debug|Any CPU
		{699225EA-5276-4CFE-9E6F-12448C29D2A5}.Debug|Any CPU.Build.0 = Debug|Any CPU
		{699225EA-5276-4CFE-9E6F-12448C29D2A5}.Release|Any CPU.ActiveCfg = Release|Any CPU
		{699225EA-5276-4CFE-9E6F-12448C29D2A5}.Release|Any CPU.Build.0 = Release|Any CPU
		{4641AF02-30AA-4C22-93F6-E349A75AD6ED}.Debug|Any CPU.ActiveCfg = Debug|Any CPU
		{4641AF02-30AA-4C22-93F6-E349A75AD6ED}.Debug|Any CPU.Build.0 = Debug|Any CPU
		{4641AF02-30AA-4C22-93F6-E349A75AD6ED}.Release|Any CPU.ActiveCfg = Release|Any CPU
		{4641AF02-30AA-4C22-93F6-E349A75AD6ED}.Release|Any CPU.Build.0 = Release|Any CPU
		{391B4CB3-38FD-4600-84AA-267A32D12F8A}.Debug|Any CPU.ActiveCfg = Debug|Any CPU
		{391B4CB3-38FD-4600-84AA-267A32D12F8A}.Debug|Any CPU.Build.0 = Debug|Any CPU
		{391B4CB3-38FD-4600-84AA-267A32D12F8A}.Release|Any CPU.ActiveCfg = Release|Any CPU
		{391B4CB3-38FD-4600-84AA-267A32D12F8A}.Release|Any CPU.Build.0 = Release|Any CPU
		{9CA27065-92AE-431C-9EDB-B0C058048A13}.Debug|Any CPU.ActiveCfg = Debug|Any CPU
		{9CA27065-92AE-431C-9EDB-B0C058048A13}.Debug|Any CPU.Build.0 = Debug|Any CPU
		{9CA27065-92AE-431C-9EDB-B0C058048A13}.Release|Any CPU.ActiveCfg = Release|Any CPU
		{9CA27065-92AE-431C-9EDB-B0C058048A13}.Release|Any CPU.Build.0 = Release|Any CPU
		{AF2315A5-4084-43C9-B2A1-ED6379BDA97A}.Debug|Any CPU.ActiveCfg = Debug|Any CPU
		{AF2315A5-4084-43C9-B2A1-ED6379BDA97A}.Debug|Any CPU.Build.0 = Debug|Any CPU
		{AF2315A5-4084-43C9-B2A1-ED6379BDA97A}.Release|Any CPU.ActiveCfg = Release|Any CPU
		{AF2315A5-4084-43C9-B2A1-ED6379BDA97A}.Release|Any CPU.Build.0 = Release|Any CPU
		{06F68AF8-0FEF-4A07-9D10-606A8CA059E4}.Debug|Any CPU.ActiveCfg = Debug|Any CPU
		{06F68AF8-0FEF-4A07-9D10-606A8CA059E4}.Debug|Any CPU.Build.0 = Debug|Any CPU
		{06F68AF8-0FEF-4A07-9D10-606A8CA059E4}.Release|Any CPU.ActiveCfg = Release|Any CPU
		{06F68AF8-0FEF-4A07-9D10-606A8CA059E4}.Release|Any CPU.Build.0 = Release|Any CPU
		{A18629BB-3552-4B6C-90D5-EA9CAF42E992}.Debug|Any CPU.ActiveCfg = Debug|Any CPU
		{A18629BB-3552-4B6C-90D5-EA9CAF42E992}.Debug|Any CPU.Build.0 = Debug|Any CPU
		{A18629BB-3552-4B6C-90D5-EA9CAF42E992}.Release|Any CPU.ActiveCfg = Release|Any CPU
		{A18629BB-3552-4B6C-90D5-EA9CAF42E992}.Release|Any CPU.Build.0 = Release|Any CPU
		{4F2B7F2D-4464-41E2-AC5F-D6214078972D}.Debug|Any CPU.ActiveCfg = Debug|Any CPU
		{4F2B7F2D-4464-41E2-AC5F-D6214078972D}.Debug|Any CPU.Build.0 = Debug|Any CPU
		{4F2B7F2D-4464-41E2-AC5F-D6214078972D}.Release|Any CPU.ActiveCfg = Release|Any CPU
		{4F2B7F2D-4464-41E2-AC5F-D6214078972D}.Release|Any CPU.Build.0 = Release|Any CPU
		{F739B96E-DD41-4405-9F92-2C718C1D7172}.Debug|Any CPU.ActiveCfg = Debug|Any CPU
		{F739B96E-DD41-4405-9F92-2C718C1D7172}.Debug|Any CPU.Build.0 = Debug|Any CPU
		{F739B96E-DD41-4405-9F92-2C718C1D7172}.Release|Any CPU.ActiveCfg = Release|Any CPU
		{F739B96E-DD41-4405-9F92-2C718C1D7172}.Release|Any CPU.Build.0 = Release|Any CPU
		{E62BA67B-2CA0-41C0-AE61-88531956FEA9}.Debug|Any CPU.ActiveCfg = Debug|Any CPU
		{E62BA67B-2CA0-41C0-AE61-88531956FEA9}.Debug|Any CPU.Build.0 = Debug|Any CPU
		{E62BA67B-2CA0-41C0-AE61-88531956FEA9}.Release|Any CPU.ActiveCfg = Release|Any CPU
		{E62BA67B-2CA0-41C0-AE61-88531956FEA9}.Release|Any CPU.Build.0 = Release|Any CPU
		{08EA7622-DEFB-4E2F-89F6-B952B8E4ED2B}.Debug|Any CPU.ActiveCfg = Debug|Any CPU
		{08EA7622-DEFB-4E2F-89F6-B952B8E4ED2B}.Debug|Any CPU.Build.0 = Debug|Any CPU
		{08EA7622-DEFB-4E2F-89F6-B952B8E4ED2B}.Release|Any CPU.ActiveCfg = Release|Any CPU
		{08EA7622-DEFB-4E2F-89F6-B952B8E4ED2B}.Release|Any CPU.Build.0 = Release|Any CPU
		{51C992DF-402B-454B-8B13-014040A6F1AA}.Debug|Any CPU.ActiveCfg = Debug|Any CPU
		{51C992DF-402B-454B-8B13-014040A6F1AA}.Debug|Any CPU.Build.0 = Debug|Any CPU
		{51C992DF-402B-454B-8B13-014040A6F1AA}.Release|Any CPU.ActiveCfg = Release|Any CPU
		{51C992DF-402B-454B-8B13-014040A6F1AA}.Release|Any CPU.Build.0 = Release|Any CPU
		{7EA95393-2A32-43B5-AEC8-E30D7EBE76CC}.Debug|Any CPU.ActiveCfg = Debug|Any CPU
		{7EA95393-2A32-43B5-AEC8-E30D7EBE76CC}.Debug|Any CPU.Build.0 = Debug|Any CPU
		{7EA95393-2A32-43B5-AEC8-E30D7EBE76CC}.Release|Any CPU.ActiveCfg = Release|Any CPU
		{7EA95393-2A32-43B5-AEC8-E30D7EBE76CC}.Release|Any CPU.Build.0 = Release|Any CPU
		{C48B8EC8-A443-4712-BCB3-C50A65A31FEE}.Debug|Any CPU.ActiveCfg = Debug|Any CPU
		{C48B8EC8-A443-4712-BCB3-C50A65A31FEE}.Debug|Any CPU.Build.0 = Debug|Any CPU
		{C48B8EC8-A443-4712-BCB3-C50A65A31FEE}.Release|Any CPU.ActiveCfg = Release|Any CPU
		{C48B8EC8-A443-4712-BCB3-C50A65A31FEE}.Release|Any CPU.Build.0 = Release|Any CPU
		{A3AAF2D8-D951-44D2-884D-BEF89CC7D2F4}.Debug|Any CPU.ActiveCfg = Debug|Any CPU
		{A3AAF2D8-D951-44D2-884D-BEF89CC7D2F4}.Debug|Any CPU.Build.0 = Debug|Any CPU
		{A3AAF2D8-D951-44D2-884D-BEF89CC7D2F4}.Release|Any CPU.ActiveCfg = Release|Any CPU
		{A3AAF2D8-D951-44D2-884D-BEF89CC7D2F4}.Release|Any CPU.Build.0 = Release|Any CPU
		{E9B85A23-C13D-4343-8F04-B2E23AD0FF91}.Debug|Any CPU.ActiveCfg = Debug|Any CPU
		{E9B85A23-C13D-4343-8F04-B2E23AD0FF91}.Debug|Any CPU.Build.0 = Debug|Any CPU
		{E9B85A23-C13D-4343-8F04-B2E23AD0FF91}.Release|Any CPU.ActiveCfg = Release|Any CPU
		{E9B85A23-C13D-4343-8F04-B2E23AD0FF91}.Release|Any CPU.Build.0 = Release|Any CPU
		{EAF247AE-65BC-466F-8956-A97AA37C1F87}.Debug|Any CPU.ActiveCfg = Debug|Any CPU
		{EAF247AE-65BC-466F-8956-A97AA37C1F87}.Debug|Any CPU.Build.0 = Debug|Any CPU
		{EAF247AE-65BC-466F-8956-A97AA37C1F87}.Release|Any CPU.ActiveCfg = Release|Any CPU
		{EAF247AE-65BC-466F-8956-A97AA37C1F87}.Release|Any CPU.Build.0 = Release|Any CPU
		{74CA1F36-A674-4F38-9D2F-099CF4A82D32}.Debug|Any CPU.ActiveCfg = Debug|Any CPU
		{74CA1F36-A674-4F38-9D2F-099CF4A82D32}.Debug|Any CPU.Build.0 = Debug|Any CPU
		{74CA1F36-A674-4F38-9D2F-099CF4A82D32}.Release|Any CPU.ActiveCfg = Release|Any CPU
		{74CA1F36-A674-4F38-9D2F-099CF4A82D32}.Release|Any CPU.Build.0 = Release|Any CPU
		{6F924F02-C25F-43BA-90AD-34A21AAF69D2}.Debug|Any CPU.ActiveCfg = Debug|Any CPU
		{6F924F02-C25F-43BA-90AD-34A21AAF69D2}.Debug|Any CPU.Build.0 = Debug|Any CPU
		{6F924F02-C25F-43BA-90AD-34A21AAF69D2}.Release|Any CPU.ActiveCfg = Release|Any CPU
		{6F924F02-C25F-43BA-90AD-34A21AAF69D2}.Release|Any CPU.Build.0 = Release|Any CPU
		{7466837C-B9E5-498D-B4EA-BC56B09D7252}.Debug|Any CPU.ActiveCfg = Debug|Any CPU
		{7466837C-B9E5-498D-B4EA-BC56B09D7252}.Debug|Any CPU.Build.0 = Debug|Any CPU
		{7466837C-B9E5-498D-B4EA-BC56B09D7252}.Release|Any CPU.ActiveCfg = Release|Any CPU
		{7466837C-B9E5-498D-B4EA-BC56B09D7252}.Release|Any CPU.Build.0 = Release|Any CPU
		{F19B7535-98EE-43CA-A1FF-16A29BA04E0B}.Debug|Any CPU.ActiveCfg = Debug|Any CPU
		{F19B7535-98EE-43CA-A1FF-16A29BA04E0B}.Debug|Any CPU.Build.0 = Debug|Any CPU
		{F19B7535-98EE-43CA-A1FF-16A29BA04E0B}.Release|Any CPU.ActiveCfg = Release|Any CPU
		{F19B7535-98EE-43CA-A1FF-16A29BA04E0B}.Release|Any CPU.Build.0 = Release|Any CPU
		{F11C1B43-A6FD-440C-8050-34F54F8D93BA}.Debug|Any CPU.ActiveCfg = Debug|Any CPU
		{F11C1B43-A6FD-440C-8050-34F54F8D93BA}.Debug|Any CPU.Build.0 = Debug|Any CPU
		{F11C1B43-A6FD-440C-8050-34F54F8D93BA}.Release|Any CPU.ActiveCfg = Release|Any CPU
		{F11C1B43-A6FD-440C-8050-34F54F8D93BA}.Release|Any CPU.Build.0 = Release|Any CPU
		{60B265A3-65F8-4D29-9C2A-0A86F497FDCD}.Debug|Any CPU.ActiveCfg = Debug|Any CPU
		{60B265A3-65F8-4D29-9C2A-0A86F497FDCD}.Debug|Any CPU.Build.0 = Debug|Any CPU
		{60B265A3-65F8-4D29-9C2A-0A86F497FDCD}.Release|Any CPU.ActiveCfg = Release|Any CPU
		{60B265A3-65F8-4D29-9C2A-0A86F497FDCD}.Release|Any CPU.Build.0 = Release|Any CPU
		{7CC1B07D-0778-4E3B-B134-1013BA341613}.Debug|Any CPU.ActiveCfg = Debug|Any CPU
		{7CC1B07D-0778-4E3B-B134-1013BA341613}.Debug|Any CPU.Build.0 = Debug|Any CPU
		{7CC1B07D-0778-4E3B-B134-1013BA341613}.Release|Any CPU.ActiveCfg = Release|Any CPU
		{7CC1B07D-0778-4E3B-B134-1013BA341613}.Release|Any CPU.Build.0 = Release|Any CPU
		{9FCF9E43-8177-47A5-A98E-25B6D39D68BF}.Debug|Any CPU.ActiveCfg = Debug|Any CPU
		{9FCF9E43-8177-47A5-A98E-25B6D39D68BF}.Debug|Any CPU.Build.0 = Debug|Any CPU
		{9FCF9E43-8177-47A5-A98E-25B6D39D68BF}.Release|Any CPU.ActiveCfg = Release|Any CPU
		{9FCF9E43-8177-47A5-A98E-25B6D39D68BF}.Release|Any CPU.Build.0 = Release|Any CPU
		{05DF8801-1E83-4F9C-9D1F-DA038C86E84A}.Debug|Any CPU.ActiveCfg = Debug|Any CPU
		{05DF8801-1E83-4F9C-9D1F-DA038C86E84A}.Debug|Any CPU.Build.0 = Debug|Any CPU
		{05DF8801-1E83-4F9C-9D1F-DA038C86E84A}.Release|Any CPU.ActiveCfg = Release|Any CPU
		{05DF8801-1E83-4F9C-9D1F-DA038C86E84A}.Release|Any CPU.Build.0 = Release|Any CPU
		{EE58FBA1-3478-4DAF-B2F0-E0C159406F5A}.Debug|Any CPU.ActiveCfg = Debug|Any CPU
		{EE58FBA1-3478-4DAF-B2F0-E0C159406F5A}.Debug|Any CPU.Build.0 = Debug|Any CPU
		{EE58FBA1-3478-4DAF-B2F0-E0C159406F5A}.Release|Any CPU.ActiveCfg = Release|Any CPU
		{EE58FBA1-3478-4DAF-B2F0-E0C159406F5A}.Release|Any CPU.Build.0 = Release|Any CPU
		{1AF4C26C-9642-4C8B-A4F8-3E944F683905}.Debug|Any CPU.ActiveCfg = Debug|Any CPU
		{1AF4C26C-9642-4C8B-A4F8-3E944F683905}.Debug|Any CPU.Build.0 = Debug|Any CPU
		{1AF4C26C-9642-4C8B-A4F8-3E944F683905}.Release|Any CPU.ActiveCfg = Release|Any CPU
		{1AF4C26C-9642-4C8B-A4F8-3E944F683905}.Release|Any CPU.Build.0 = Release|Any CPU
		{D984ED1D-4695-4628-9DCE-BA92825AEAAB}.Debug|Any CPU.ActiveCfg = Debug|Any CPU
		{D984ED1D-4695-4628-9DCE-BA92825AEAAB}.Debug|Any CPU.Build.0 = Debug|Any CPU
		{D984ED1D-4695-4628-9DCE-BA92825AEAAB}.Release|Any CPU.ActiveCfg = Release|Any CPU
		{D984ED1D-4695-4628-9DCE-BA92825AEAAB}.Release|Any CPU.Build.0 = Release|Any CPU
		{8E37B240-40D2-4A89-BB98-4172D2274ED1}.Debug|Any CPU.ActiveCfg = Debug|Any CPU
		{8E37B240-40D2-4A89-BB98-4172D2274ED1}.Debug|Any CPU.Build.0 = Debug|Any CPU
		{8E37B240-40D2-4A89-BB98-4172D2274ED1}.Release|Any CPU.ActiveCfg = Release|Any CPU
		{8E37B240-40D2-4A89-BB98-4172D2274ED1}.Release|Any CPU.Build.0 = Release|Any CPU
		{F1971F84-04C7-4489-94B5-9F6F3D5D47BB}.Debug|Any CPU.ActiveCfg = Debug|Any CPU
		{F1971F84-04C7-4489-94B5-9F6F3D5D47BB}.Debug|Any CPU.Build.0 = Debug|Any CPU
		{F1971F84-04C7-4489-94B5-9F6F3D5D47BB}.Release|Any CPU.ActiveCfg = Release|Any CPU
		{F1971F84-04C7-4489-94B5-9F6F3D5D47BB}.Release|Any CPU.Build.0 = Release|Any CPU
		{E58C560D-0267-4673-AF48-12E49608B13B}.Debug|Any CPU.ActiveCfg = Debug|Any CPU
		{E58C560D-0267-4673-AF48-12E49608B13B}.Debug|Any CPU.Build.0 = Debug|Any CPU
		{E58C560D-0267-4673-AF48-12E49608B13B}.Release|Any CPU.ActiveCfg = Release|Any CPU
		{E58C560D-0267-4673-AF48-12E49608B13B}.Release|Any CPU.Build.0 = Release|Any CPU
		{C6537CA5-2A6A-4335-AFE8-F5E6BB086854}.Debug|Any CPU.ActiveCfg = Debug|Any CPU
		{C6537CA5-2A6A-4335-AFE8-F5E6BB086854}.Debug|Any CPU.Build.0 = Debug|Any CPU
		{C6537CA5-2A6A-4335-AFE8-F5E6BB086854}.Release|Any CPU.ActiveCfg = Release|Any CPU
		{C6537CA5-2A6A-4335-AFE8-F5E6BB086854}.Release|Any CPU.Build.0 = Release|Any CPU
		{57929D6A-ADD7-42F5-94C7-9C9083F296AF}.Debug|Any CPU.ActiveCfg = Debug|Any CPU
		{57929D6A-ADD7-42F5-94C7-9C9083F296AF}.Debug|Any CPU.Build.0 = Debug|Any CPU
		{57929D6A-ADD7-42F5-94C7-9C9083F296AF}.Release|Any CPU.ActiveCfg = Release|Any CPU
		{57929D6A-ADD7-42F5-94C7-9C9083F296AF}.Release|Any CPU.Build.0 = Release|Any CPU
		{34E02902-63B1-48C1-AE08-68B089C5EF2B}.Debug|Any CPU.ActiveCfg = Debug|Any CPU
		{34E02902-63B1-48C1-AE08-68B089C5EF2B}.Debug|Any CPU.Build.0 = Debug|Any CPU
		{34E02902-63B1-48C1-AE08-68B089C5EF2B}.Release|Any CPU.ActiveCfg = Release|Any CPU
		{34E02902-63B1-48C1-AE08-68B089C5EF2B}.Release|Any CPU.Build.0 = Release|Any CPU
		{DA5F17F7-C93A-4AAC-85C2-1F4CB78620F6}.Debug|Any CPU.ActiveCfg = Debug|Any CPU
		{DA5F17F7-C93A-4AAC-85C2-1F4CB78620F6}.Debug|Any CPU.Build.0 = Debug|Any CPU
		{DA5F17F7-C93A-4AAC-85C2-1F4CB78620F6}.Release|Any CPU.ActiveCfg = Release|Any CPU
		{DA5F17F7-C93A-4AAC-85C2-1F4CB78620F6}.Release|Any CPU.Build.0 = Release|Any CPU
		{8A2C385D-C8F5-41FE-ADDA-F6768514721B}.Debug|Any CPU.ActiveCfg = Debug|Any CPU
		{8A2C385D-C8F5-41FE-ADDA-F6768514721B}.Debug|Any CPU.Build.0 = Debug|Any CPU
		{8A2C385D-C8F5-41FE-ADDA-F6768514721B}.Release|Any CPU.ActiveCfg = Release|Any CPU
		{8A2C385D-C8F5-41FE-ADDA-F6768514721B}.Release|Any CPU.Build.0 = Release|Any CPU
	EndGlobalSection
EndGlobal
